// !$*UTF8*$!
{
	archiveVersion = 1;
	classes = {
	};
	objectVersion = 48;
	objects = {

/* Begin PBXBuildFile section */
		CB1757452048EA64001EA978 /* OpenGL.framework in Frameworks */ = {isa = PBXBuildFile; fileRef = CB1757442048EA64001EA978 /* OpenGL.framework */; };
		CB963E032056C21B00BE41D1 /* libSOILibrary.dylib in Frameworks */ = {isa = PBXBuildFile; fileRef = CB963DF22056C1E500BE41D1 /* libSOILibrary.dylib */; };
		CB963E042056C27A00BE41D1 /* OpenGL.framework in Frameworks */ = {isa = PBXBuildFile; fileRef = CB1757442048EA64001EA978 /* OpenGL.framework */; };
		CB963E0B2056CF1200BE41D1 /* CoreFoundation.framework in Frameworks */ = {isa = PBXBuildFile; fileRef = CB963E0A2056CF1200BE41D1 /* CoreFoundation.framework */; };
		CB9EC1D9207A5CAC00BE2B93 /* GLTexture.cpp in Sources */ = {isa = PBXBuildFile; fileRef = CB9EC1C9207A5CA300BE2B93 /* GLTexture.cpp */; };
		CB9EC1DA207A5CAC00BE2B93 /* Camera.cpp in Sources */ = {isa = PBXBuildFile; fileRef = CB9EC1CA207A5CA300BE2B93 /* Camera.cpp */; };
		CB9EC1DB207A5CAC00BE2B93 /* Shader.cpp in Sources */ = {isa = PBXBuildFile; fileRef = CB9EC1CD207A5CA300BE2B93 /* Shader.cpp */; };
		CB9EC1DC207A5CAC00BE2B93 /* main.cpp in Sources */ = {isa = PBXBuildFile; fileRef = CB9EC1D2207A5CA300BE2B93 /* main.cpp */; };
		CB9EC1DD207A5CD400BE2B93 /* image_helper.c in Sources */ = {isa = PBXBuildFile; fileRef = CB9EC0B4207A5C7400BE2B93 /* image_helper.c */; };
		CB9EC1DE207A5CD400BE2B93 /* image_DXT.c in Sources */ = {isa = PBXBuildFile; fileRef = CB9EC0B8207A5C7400BE2B93 /* image_DXT.c */; };
		CB9EC1E0207A5CD400BE2B93 /* SOIL.c in Sources */ = {isa = PBXBuildFile; fileRef = CB9EC0BD207A5C7400BE2B93 /* SOIL.c */; };
		CB9EC1E1207A5CD400BE2B93 /* stb_image_aug.c in Sources */ = {isa = PBXBuildFile; fileRef = CB9EC0BE207A5C7400BE2B93 /* stb_image_aug.c */; };
		CB9EC1EF207A5DEC00BE2B93 /* libGLEW.2.1.0.dylib in Frameworks */ = {isa = PBXBuildFile; fileRef = CB9EC1E8207A5D9B00BE2B93 /* libGLEW.2.1.0.dylib */; };
		CB9EC1F0207A5DF100BE2B93 /* libglfw.3.2.dylib in Frameworks */ = {isa = PBXBuildFile; fileRef = CB9EC1EE207A5D9B00BE2B93 /* libglfw.3.2.dylib */; };
		CBC913952053FAEF003C14B6 /* libGLEW.2.1.0.dylib in CopyFiles */ = {isa = PBXBuildFile; fileRef = CB1757472048EAFF001EA978 /* libGLEW.2.1.0.dylib */; settings = {ATTRIBUTES = (CodeSignOnCopy, ); }; };
		CBC913962053FAEF003C14B6 /* libglfw.3.2.dylib in CopyFiles */ = {isa = PBXBuildFile; fileRef = CB1757462048EAFF001EA978 /* libglfw.3.2.dylib */; settings = {ATTRIBUTES = (CodeSignOnCopy, ); }; };
		CBC9139B20541708003C14B6 /* GLUT.framework in Frameworks */ = {isa = PBXBuildFile; fileRef = CBC9139A20541708003C14B6 /* GLUT.framework */; };
/* End PBXBuildFile section */

/* Begin PBXCopyFilesBuildPhase section */
		CB1757372048E953001EA978 /* CopyFiles */ = {
			isa = PBXCopyFilesBuildPhase;
			buildActionMask = 2147483647;
			dstPath = /usr/share/man/man1/;
			dstSubfolderSpec = 0;
			files = (
			);
			runOnlyForDeploymentPostprocessing = 1;
		};
		CBC913942053FAE1003C14B6 /* CopyFiles */ = {
			isa = PBXCopyFilesBuildPhase;
			buildActionMask = 2147483647;
			dstPath = "";
			dstSubfolderSpec = 7;
			files = (
				CBC913952053FAEF003C14B6 /* libGLEW.2.1.0.dylib in CopyFiles */,
				CBC913962053FAEF003C14B6 /* libglfw.3.2.dylib in CopyFiles */,
			);
			runOnlyForDeploymentPostprocessing = 0;
		};
/* End PBXCopyFilesBuildPhase section */

/* Begin PBXFileReference section */
		CB0F955E20596F4200F94F34 /* libGLEW.a */ = {isa = PBXFileReference; lastKnownFileType = archive.ar; name = libGLEW.a; path = ../../../../../usr/local/Cellar/glew/2.1.0/lib/libGLEW.a; sourceTree = "<group>"; };
		CB1757392048E953001EA978 /* OpenGLTest */ = {isa = PBXFileReference; explicitFileType = "compiled.mach-o.executable"; includeInIndex = 0; path = OpenGLTest; sourceTree = BUILT_PRODUCTS_DIR; };
		CB1757442048EA64001EA978 /* OpenGL.framework */ = {isa = PBXFileReference; lastKnownFileType = wrapper.framework; name = OpenGL.framework; path = System/Library/Frameworks/OpenGL.framework; sourceTree = SDKROOT; };
		CB1757462048EAFF001EA978 /* libglfw.3.2.dylib */ = {isa = PBXFileReference; lastKnownFileType = "compiled.mach-o.dylib"; name = libglfw.3.2.dylib; path = ../../../../../usr/local/Cellar/glfw/3.2.1/lib/libglfw.3.2.dylib; sourceTree = "<group>"; };
		CB1757472048EAFF001EA978 /* libGLEW.2.1.0.dylib */ = {isa = PBXFileReference; lastKnownFileType = "compiled.mach-o.dylib"; name = libGLEW.2.1.0.dylib; path = ../../../../../usr/local/Cellar/glew/2.1.0/lib/libGLEW.2.1.0.dylib; sourceTree = "<group>"; };
		CB963DEB2056BFB300BE41D1 /* Foundation.framework */ = {isa = PBXFileReference; lastKnownFileType = wrapper.framework; name = Foundation.framework; path = System/Library/Frameworks/Foundation.framework; sourceTree = SDKROOT; };
		CB963DF22056C1E500BE41D1 /* libSOILibrary.dylib */ = {isa = PBXFileReference; explicitFileType = "compiled.mach-o.dylib"; includeInIndex = 0; path = libSOILibrary.dylib; sourceTree = BUILT_PRODUCTS_DIR; };
		CB963E0A2056CF1200BE41D1 /* CoreFoundation.framework */ = {isa = PBXFileReference; lastKnownFileType = wrapper.framework; name = CoreFoundation.framework; path = System/Library/Frameworks/CoreFoundation.framework; sourceTree = SDKROOT; };
		CB9EC0B4207A5C7400BE2B93 /* image_helper.c */ = {isa = PBXFileReference; lastKnownFileType = sourcecode.c.c; path = image_helper.c; sourceTree = "<group>"; };
		CB9EC0B5207A5C7400BE2B93 /* stb_image_aug.h */ = {isa = PBXFileReference; lastKnownFileType = sourcecode.c.h; path = stb_image_aug.h; sourceTree = "<group>"; };
		CB9EC0B6207A5C7400BE2B93 /* SOIL.h */ = {isa = PBXFileReference; lastKnownFileType = sourcecode.c.h; path = SOIL.h; sourceTree = "<group>"; };
		CB9EC0B7207A5C7400BE2B93 /* stbi_DDS_aug.h */ = {isa = PBXFileReference; lastKnownFileType = sourcecode.c.h; path = stbi_DDS_aug.h; sourceTree = "<group>"; };
		CB9EC0B8207A5C7400BE2B93 /* image_DXT.c */ = {isa = PBXFileReference; lastKnownFileType = sourcecode.c.c; path = image_DXT.c; sourceTree = "<group>"; };
		CB9EC0BA207A5C7400BE2B93 /* stb_image-1.09.c */ = {isa = PBXFileReference; lastKnownFileType = sourcecode.c.c; path = "stb_image-1.09.c"; sourceTree = "<group>"; };
		CB9EC0BB207A5C7400BE2B93 /* stb_image-1.16.c */ = {isa = PBXFileReference; lastKnownFileType = sourcecode.c.c; path = "stb_image-1.16.c"; sourceTree = "<group>"; };
		CB9EC0BC207A5C7400BE2B93 /* stbi_DDS_aug_c.h */ = {isa = PBXFileReference; lastKnownFileType = sourcecode.c.h; path = stbi_DDS_aug_c.h; sourceTree = "<group>"; };
		CB9EC0BD207A5C7400BE2B93 /* SOIL.c */ = {isa = PBXFileReference; lastKnownFileType = sourcecode.c.c; path = SOIL.c; sourceTree = "<group>"; };
		CB9EC0BE207A5C7400BE2B93 /* stb_image_aug.c */ = {isa = PBXFileReference; lastKnownFileType = sourcecode.c.c; path = stb_image_aug.c; sourceTree = "<group>"; };
		CB9EC0BF207A5C7400BE2B93 /* image_helper.h */ = {isa = PBXFileReference; lastKnownFileType = sourcecode.c.h; path = image_helper.h; sourceTree = "<group>"; };
		CB9EC0C0207A5C7400BE2B93 /* image_DXT.h */ = {isa = PBXFileReference; lastKnownFileType = sourcecode.c.h; path = image_DXT.h; sourceTree = "<group>"; };
		CB9EC0C1207A5C7400BE2B93 /* test_SOIL.cpp */ = {isa = PBXFileReference; lastKnownFileType = sourcecode.cpp.cpp; path = test_SOIL.cpp; sourceTree = "<group>"; };
		CB9EC0C3207A5C7400BE2B93 /* vec4.hpp */ = {isa = PBXFileReference; lastKnownFileType = sourcecode.cpp.h; path = vec4.hpp; sourceTree = "<group>"; };
		CB9EC0C4207A5C7400BE2B93 /* integer.hpp */ = {isa = PBXFileReference; lastKnownFileType = sourcecode.cpp.h; path = integer.hpp; sourceTree = "<group>"; };
		CB9EC0C5207A5C7400BE2B93 /* vector_relational.hpp */ = {isa = PBXFileReference; lastKnownFileType = sourcecode.cpp.h; path = vector_relational.hpp; sourceTree = "<group>"; };
		CB9EC0C6207A5C7400BE2B93 /* mat2x3.hpp */ = {isa = PBXFileReference; lastKnownFileType = sourcecode.cpp.h; path = mat2x3.hpp; sourceTree = "<group>"; };
		CB9EC0C7207A5C7400BE2B93 /* mat4x4.hpp */ = {isa = PBXFileReference; lastKnownFileType = sourcecode.cpp.h; path = mat4x4.hpp; sourceTree = "<group>"; };
		CB9EC0C8207A5C7400BE2B93 /* mat2x2.hpp */ = {isa = PBXFileReference; lastKnownFileType = sourcecode.cpp.h; path = mat2x2.hpp; sourceTree = "<group>"; };
		CB9EC0C9207A5C7400BE2B93 /* exponential.hpp */ = {isa = PBXFileReference; lastKnownFileType = sourcecode.cpp.h; path = exponential.hpp; sourceTree = "<group>"; };
		CB9EC0CA207A5C7400BE2B93 /* vec2.hpp */ = {isa = PBXFileReference; lastKnownFileType = sourcecode.cpp.h; path = vec2.hpp; sourceTree = "<group>"; };
		CB9EC0CB207A5C7400BE2B93 /* vec3.hpp */ = {isa = PBXFileReference; lastKnownFileType = sourcecode.cpp.h; path = vec3.hpp; sourceTree = "<group>"; };
		CB9EC0CC207A5C7400BE2B93 /* fwd.hpp */ = {isa = PBXFileReference; lastKnownFileType = sourcecode.cpp.h; path = fwd.hpp; sourceTree = "<group>"; };
		CB9EC0CD207A5C7400BE2B93 /* mat4x3.hpp */ = {isa = PBXFileReference; lastKnownFileType = sourcecode.cpp.h; path = mat4x3.hpp; sourceTree = "<group>"; };
		CB9EC0CE207A5C7400BE2B93 /* mat4x2.hpp */ = {isa = PBXFileReference; lastKnownFileType = sourcecode.cpp.h; path = mat4x2.hpp; sourceTree = "<group>"; };
		CB9EC0CF207A5C7400BE2B93 /* mat2x4.hpp */ = {isa = PBXFileReference; lastKnownFileType = sourcecode.cpp.h; path = mat2x4.hpp; sourceTree = "<group>"; };
		CB9EC0D0207A5C7400BE2B93 /* packing.hpp */ = {isa = PBXFileReference; lastKnownFileType = sourcecode.cpp.h; path = packing.hpp; sourceTree = "<group>"; };
		CB9EC0D1207A5C7400BE2B93 /* mat3x3.hpp */ = {isa = PBXFileReference; lastKnownFileType = sourcecode.cpp.h; path = mat3x3.hpp; sourceTree = "<group>"; };
		CB9EC0D2207A5C7400BE2B93 /* mat3x2.hpp */ = {isa = PBXFileReference; lastKnownFileType = sourcecode.cpp.h; path = mat3x2.hpp; sourceTree = "<group>"; };
		CB9EC0D4207A5C7400BE2B93 /* vector_relational.h */ = {isa = PBXFileReference; lastKnownFileType = sourcecode.c.h; path = vector_relational.h; sourceTree = "<group>"; };
		CB9EC0D5207A5C7400BE2B93 /* matrix.h */ = {isa = PBXFileReference; lastKnownFileType = sourcecode.c.h; path = matrix.h; sourceTree = "<group>"; };
		CB9EC0D6207A5C7400BE2B93 /* packing.h */ = {isa = PBXFileReference; lastKnownFileType = sourcecode.c.h; path = packing.h; sourceTree = "<group>"; };
		CB9EC0D7207A5C7400BE2B93 /* common.h */ = {isa = PBXFileReference; lastKnownFileType = sourcecode.c.h; path = common.h; sourceTree = "<group>"; };
		CB9EC0D8207A5C7400BE2B93 /* trigonometric.h */ = {isa = PBXFileReference; lastKnownFileType = sourcecode.c.h; path = trigonometric.h; sourceTree = "<group>"; };
		CB9EC0D9207A5C7400BE2B93 /* geometric.h */ = {isa = PBXFileReference; lastKnownFileType = sourcecode.c.h; path = geometric.h; sourceTree = "<group>"; };
		CB9EC0DA207A5C7400BE2B93 /* integer.h */ = {isa = PBXFileReference; lastKnownFileType = sourcecode.c.h; path = integer.h; sourceTree = "<group>"; };
		CB9EC0DB207A5C7400BE2B93 /* platform.h */ = {isa = PBXFileReference; lastKnownFileType = sourcecode.c.h; path = platform.h; sourceTree = "<group>"; };
		CB9EC0DC207A5C7400BE2B93 /* exponential.h */ = {isa = PBXFileReference; lastKnownFileType = sourcecode.c.h; path = exponential.h; sourceTree = "<group>"; };
		CB9EC0DD207A5C7400BE2B93 /* mat3x4.hpp */ = {isa = PBXFileReference; lastKnownFileType = sourcecode.cpp.h; path = mat3x4.hpp; sourceTree = "<group>"; };
		CB9EC0DE207A5C7400BE2B93 /* matrix.hpp */ = {isa = PBXFileReference; lastKnownFileType = sourcecode.cpp.h; path = matrix.hpp; sourceTree = "<group>"; };
		CB9EC0DF207A5C7400BE2B93 /* glm.hpp */ = {isa = PBXFileReference; lastKnownFileType = sourcecode.cpp.h; path = glm.hpp; sourceTree = "<group>"; };
		CB9EC0E0207A5C7400BE2B93 /* trigonometric.hpp */ = {isa = PBXFileReference; lastKnownFileType = sourcecode.cpp.h; path = trigonometric.hpp; sourceTree = "<group>"; };
		CB9EC0E1207A5C7400BE2B93 /* geometric.hpp */ = {isa = PBXFileReference; lastKnownFileType = sourcecode.cpp.h; path = geometric.hpp; sourceTree = "<group>"; };
		CB9EC0E3207A5C7400BE2B93 /* type_vec.hpp */ = {isa = PBXFileReference; lastKnownFileType = sourcecode.cpp.h; path = type_vec.hpp; sourceTree = "<group>"; };
		CB9EC0E4207A5C7400BE2B93 /* func_geometric.hpp */ = {isa = PBXFileReference; lastKnownFileType = sourcecode.cpp.h; path = func_geometric.hpp; sourceTree = "<group>"; };
		CB9EC0E5207A5C7400BE2B93 /* func_exponential.inl */ = {isa = PBXFileReference; lastKnownFileType = text; path = func_exponential.inl; sourceTree = "<group>"; };
		CB9EC0E6207A5C7400BE2B93 /* func_trigonometric.hpp */ = {isa = PBXFileReference; lastKnownFileType = sourcecode.cpp.h; path = func_trigonometric.hpp; sourceTree = "<group>"; };
		CB9EC0E7207A5C7400BE2B93 /* func_integer_simd.inl */ = {isa = PBXFileReference; lastKnownFileType = text; path = func_integer_simd.inl; sourceTree = "<group>"; };
		CB9EC0E8207A5C7400BE2B93 /* func_vector_relational.inl */ = {isa = PBXFileReference; lastKnownFileType = text; path = func_vector_relational.inl; sourceTree = "<group>"; };
		CB9EC0E9207A5C7400BE2B93 /* func_packing.inl */ = {isa = PBXFileReference; lastKnownFileType = text; path = func_packing.inl; sourceTree = "<group>"; };
		CB9EC0EA207A5C7400BE2B93 /* func_common.hpp */ = {isa = PBXFileReference; lastKnownFileType = sourcecode.cpp.h; path = func_common.hpp; sourceTree = "<group>"; };
		CB9EC0EB207A5C7400BE2B93 /* _fixes.hpp */ = {isa = PBXFileReference; lastKnownFileType = sourcecode.cpp.h; path = _fixes.hpp; sourceTree = "<group>"; };
		CB9EC0EC207A5C7400BE2B93 /* type_half.inl */ = {isa = PBXFileReference; lastKnownFileType = text; path = type_half.inl; sourceTree = "<group>"; };
		CB9EC0ED207A5C7400BE2B93 /* func_integer.hpp */ = {isa = PBXFileReference; lastKnownFileType = sourcecode.cpp.h; path = func_integer.hpp; sourceTree = "<group>"; };
		CB9EC0EE207A5C7400BE2B93 /* func_vector_relational_simd.inl */ = {isa = PBXFileReference; lastKnownFileType = text; path = func_vector_relational_simd.inl; sourceTree = "<group>"; };
		CB9EC0EF207A5C7400BE2B93 /* func_matrix_simd.inl */ = {isa = PBXFileReference; lastKnownFileType = text; path = func_matrix_simd.inl; sourceTree = "<group>"; };
		CB9EC0F0207A5C7400BE2B93 /* type_int.hpp */ = {isa = PBXFileReference; lastKnownFileType = sourcecode.cpp.h; path = type_int.hpp; sourceTree = "<group>"; };
		CB9EC0F1207A5C7400BE2B93 /* _noise.hpp */ = {isa = PBXFileReference; lastKnownFileType = sourcecode.cpp.h; path = _noise.hpp; sourceTree = "<group>"; };
		CB9EC0F2207A5C7400BE2B93 /* type_half.hpp */ = {isa = PBXFileReference; lastKnownFileType = sourcecode.cpp.h; path = type_half.hpp; sourceTree = "<group>"; };
		CB9EC0F3207A5C7400BE2B93 /* _features.hpp */ = {isa = PBXFileReference; lastKnownFileType = sourcecode.cpp.h; path = _features.hpp; sourceTree = "<group>"; };
		CB9EC0F4207A5C7400BE2B93 /* func_integer.inl */ = {isa = PBXFileReference; lastKnownFileType = text; path = func_integer.inl; sourceTree = "<group>"; };
		CB9EC0F5207A5C7400BE2B93 /* _vectorize.hpp */ = {isa = PBXFileReference; lastKnownFileType = sourcecode.cpp.h; path = _vectorize.hpp; sourceTree = "<group>"; };
		CB9EC0F6207A5C7400BE2B93 /* func_exponential.hpp */ = {isa = PBXFileReference; lastKnownFileType = sourcecode.cpp.h; path = func_exponential.hpp; sourceTree = "<group>"; };
		CB9EC0F7207A5C7400BE2B93 /* func_geometric.inl */ = {isa = PBXFileReference; lastKnownFileType = text; path = func_geometric.inl; sourceTree = "<group>"; };
		CB9EC0F8207A5C7400BE2B93 /* type_vec.inl */ = {isa = PBXFileReference; lastKnownFileType = text; path = type_vec.inl; sourceTree = "<group>"; };
		CB9EC0F9207A5C7400BE2B93 /* func_common.inl */ = {isa = PBXFileReference; lastKnownFileType = text; path = func_common.inl; sourceTree = "<group>"; };
		CB9EC0FA207A5C7400BE2B93 /* func_packing.hpp */ = {isa = PBXFileReference; lastKnownFileType = sourcecode.cpp.h; path = func_packing.hpp; sourceTree = "<group>"; };
		CB9EC0FB207A5C7400BE2B93 /* func_vector_relational.hpp */ = {isa = PBXFileReference; lastKnownFileType = sourcecode.cpp.h; path = func_vector_relational.hpp; sourceTree = "<group>"; };
		CB9EC0FC207A5C7400BE2B93 /* func_trigonometric.inl */ = {isa = PBXFileReference; lastKnownFileType = text; path = func_trigonometric.inl; sourceTree = "<group>"; };
		CB9EC0FD207A5C7400BE2B93 /* type_mat2x4.inl */ = {isa = PBXFileReference; lastKnownFileType = text; path = type_mat2x4.inl; sourceTree = "<group>"; };
		CB9EC0FE207A5C7400BE2B93 /* type_mat4x2.inl */ = {isa = PBXFileReference; lastKnownFileType = text; path = type_mat4x2.inl; sourceTree = "<group>"; };
		CB9EC0FF207A5C7400BE2B93 /* _swizzle.hpp */ = {isa = PBXFileReference; lastKnownFileType = sourcecode.cpp.h; path = _swizzle.hpp; sourceTree = "<group>"; };
		CB9EC100207A5C7400BE2B93 /* type_mat4x3.inl */ = {isa = PBXFileReference; lastKnownFileType = text; path = type_mat4x3.inl; sourceTree = "<group>"; };
		CB9EC101207A5C7400BE2B93 /* func_packing_simd.inl */ = {isa = PBXFileReference; lastKnownFileType = text; path = func_packing_simd.inl; sourceTree = "<group>"; };
		CB9EC102207A5C7400BE2B93 /* type_vec4.inl */ = {isa = PBXFileReference; lastKnownFileType = text; path = type_vec4.inl; sourceTree = "<group>"; };
		CB9EC103207A5C7400BE2B93 /* func_trigonometric_simd.inl */ = {isa = PBXFileReference; lastKnownFileType = text; path = func_trigonometric_simd.inl; sourceTree = "<group>"; };
		CB9EC104207A5C7400BE2B93 /* precision.hpp */ = {isa = PBXFileReference; lastKnownFileType = sourcecode.cpp.h; path = precision.hpp; sourceTree = "<group>"; };
		CB9EC105207A5C7400BE2B93 /* type_mat3x3.hpp */ = {isa = PBXFileReference; lastKnownFileType = sourcecode.cpp.h; path = type_mat3x3.hpp; sourceTree = "<group>"; };
		CB9EC106207A5C7400BE2B93 /* type_mat3x2.hpp */ = {isa = PBXFileReference; lastKnownFileType = sourcecode.cpp.h; path = type_mat3x2.hpp; sourceTree = "<group>"; };
		CB9EC107207A5C7400BE2B93 /* dummy.cpp */ = {isa = PBXFileReference; lastKnownFileType = sourcecode.cpp.cpp; path = dummy.cpp; sourceTree = "<group>"; };
		CB9EC108207A5C7400BE2B93 /* type_mat.hpp */ = {isa = PBXFileReference; lastKnownFileType = sourcecode.cpp.h; path = type_mat.hpp; sourceTree = "<group>"; };
		CB9EC109207A5C7400BE2B93 /* setup.hpp */ = {isa = PBXFileReference; lastKnownFileType = sourcecode.cpp.h; path = setup.hpp; sourceTree = "<group>"; };
		CB9EC10A207A5C7400BE2B93 /* type_mat2x2.inl */ = {isa = PBXFileReference; lastKnownFileType = text; path = type_mat2x2.inl; sourceTree = "<group>"; };
		CB9EC10B207A5C7400BE2B93 /* type_vec1.inl */ = {isa = PBXFileReference; lastKnownFileType = text; path = type_vec1.inl; sourceTree = "<group>"; };
		CB9EC10C207A5C7400BE2B93 /* func_common_simd.inl */ = {isa = PBXFileReference; lastKnownFileType = text; path = func_common_simd.inl; sourceTree = "<group>"; };
		CB9EC10D207A5C7400BE2B93 /* func_matrix.hpp */ = {isa = PBXFileReference; lastKnownFileType = sourcecode.cpp.h; path = func_matrix.hpp; sourceTree = "<group>"; };
		CB9EC10E207A5C7400BE2B93 /* type_mat4x4.inl */ = {isa = PBXFileReference; lastKnownFileType = text; path = type_mat4x4.inl; sourceTree = "<group>"; };
		CB9EC10F207A5C7400BE2B93 /* func_geometric_simd.inl */ = {isa = PBXFileReference; lastKnownFileType = text; path = func_geometric_simd.inl; sourceTree = "<group>"; };
		CB9EC110207A5C7400BE2B93 /* type_mat2x3.inl */ = {isa = PBXFileReference; lastKnownFileType = text; path = type_mat2x3.inl; sourceTree = "<group>"; };
		CB9EC111207A5C7400BE2B93 /* type_vec2.inl */ = {isa = PBXFileReference; lastKnownFileType = text; path = type_vec2.inl; sourceTree = "<group>"; };
		CB9EC112207A5C7400BE2B93 /* glm.cpp */ = {isa = PBXFileReference; lastKnownFileType = sourcecode.cpp.cpp; path = glm.cpp; sourceTree = "<group>"; };
		CB9EC113207A5C7400BE2B93 /* type_gentype.inl */ = {isa = PBXFileReference; lastKnownFileType = text; path = type_gentype.inl; sourceTree = "<group>"; };
		CB9EC114207A5C7400BE2B93 /* type_mat3x4.hpp */ = {isa = PBXFileReference; lastKnownFileType = sourcecode.cpp.h; path = type_mat3x4.hpp; sourceTree = "<group>"; };
		CB9EC115207A5C7400BE2B93 /* type_vec3.inl */ = {isa = PBXFileReference; lastKnownFileType = text; path = type_vec3.inl; sourceTree = "<group>"; };
		CB9EC116207A5C7400BE2B93 /* type_mat4x4_simd.inl */ = {isa = PBXFileReference; lastKnownFileType = text; path = type_mat4x4_simd.inl; sourceTree = "<group>"; };
		CB9EC117207A5C7400BE2B93 /* type_mat2x3.hpp */ = {isa = PBXFileReference; lastKnownFileType = sourcecode.cpp.h; path = type_mat2x3.hpp; sourceTree = "<group>"; };
		CB9EC118207A5C7400BE2B93 /* type_mat4x4.hpp */ = {isa = PBXFileReference; lastKnownFileType = sourcecode.cpp.h; path = type_mat4x4.hpp; sourceTree = "<group>"; };
		CB9EC119207A5C7400BE2B93 /* func_matrix.inl */ = {isa = PBXFileReference; lastKnownFileType = text; path = func_matrix.inl; sourceTree = "<group>"; };
		CB9EC11A207A5C7400BE2B93 /* type_mat2x2.hpp */ = {isa = PBXFileReference; lastKnownFileType = sourcecode.cpp.h; path = type_mat2x2.hpp; sourceTree = "<group>"; };
		CB9EC11B207A5C7400BE2B93 /* type_vec1.hpp */ = {isa = PBXFileReference; lastKnownFileType = sourcecode.cpp.h; path = type_vec1.hpp; sourceTree = "<group>"; };
		CB9EC11C207A5C7400BE2B93 /* _swizzle_func.hpp */ = {isa = PBXFileReference; lastKnownFileType = sourcecode.cpp.h; path = _swizzle_func.hpp; sourceTree = "<group>"; };
		CB9EC11D207A5C7400BE2B93 /* type_vec3.hpp */ = {isa = PBXFileReference; lastKnownFileType = sourcecode.cpp.h; path = type_vec3.hpp; sourceTree = "<group>"; };
		CB9EC11E207A5C7400BE2B93 /* type_vec4_simd.inl */ = {isa = PBXFileReference; lastKnownFileType = text; path = type_vec4_simd.inl; sourceTree = "<group>"; };
		CB9EC11F207A5C7400BE2B93 /* type_mat3x4.inl */ = {isa = PBXFileReference; lastKnownFileType = text; path = type_mat3x4.inl; sourceTree = "<group>"; };
		CB9EC120207A5C7400BE2B93 /* func_exponential_simd.inl */ = {isa = PBXFileReference; lastKnownFileType = text; path = func_exponential_simd.inl; sourceTree = "<group>"; };
		CB9EC121207A5C7400BE2B93 /* type_gentype.hpp */ = {isa = PBXFileReference; lastKnownFileType = sourcecode.cpp.h; path = type_gentype.hpp; sourceTree = "<group>"; };
		CB9EC122207A5C7400BE2B93 /* type_vec2.hpp */ = {isa = PBXFileReference; lastKnownFileType = sourcecode.cpp.h; path = type_vec2.hpp; sourceTree = "<group>"; };
		CB9EC123207A5C7400BE2B93 /* type_mat4x3.hpp */ = {isa = PBXFileReference; lastKnownFileType = sourcecode.cpp.h; path = type_mat4x3.hpp; sourceTree = "<group>"; };
		CB9EC124207A5C7400BE2B93 /* type_mat4x2.hpp */ = {isa = PBXFileReference; lastKnownFileType = sourcecode.cpp.h; path = type_mat4x2.hpp; sourceTree = "<group>"; };
		CB9EC125207A5C7400BE2B93 /* type_float.hpp */ = {isa = PBXFileReference; lastKnownFileType = sourcecode.cpp.h; path = type_float.hpp; sourceTree = "<group>"; };
		CB9EC126207A5C7400BE2B93 /* type_mat2x4.hpp */ = {isa = PBXFileReference; lastKnownFileType = sourcecode.cpp.h; path = type_mat2x4.hpp; sourceTree = "<group>"; };
		CB9EC127207A5C7400BE2B93 /* type_mat.inl */ = {isa = PBXFileReference; lastKnownFileType = text; path = type_mat.inl; sourceTree = "<group>"; };
		CB9EC128207A5C7400BE2B93 /* type_mat3x2.inl */ = {isa = PBXFileReference; lastKnownFileType = text; path = type_mat3x2.inl; sourceTree = "<group>"; };
		CB9EC129207A5C7400BE2B93 /* type_mat3x3.inl */ = {isa = PBXFileReference; lastKnownFileType = text; path = type_mat3x3.inl; sourceTree = "<group>"; };
		CB9EC12A207A5C7400BE2B93 /* type_vec4.hpp */ = {isa = PBXFileReference; lastKnownFileType = sourcecode.cpp.h; path = type_vec4.hpp; sourceTree = "<group>"; };
		CB9EC12B207A5C7400BE2B93 /* ext.hpp */ = {isa = PBXFileReference; lastKnownFileType = sourcecode.cpp.h; path = ext.hpp; sourceTree = "<group>"; };
		CB9EC12D207A5C7400BE2B93 /* integer.hpp */ = {isa = PBXFileReference; lastKnownFileType = sourcecode.cpp.h; path = integer.hpp; sourceTree = "<group>"; };
		CB9EC12E207A5C7400BE2B93 /* matrix_integer.hpp */ = {isa = PBXFileReference; lastKnownFileType = sourcecode.cpp.h; path = matrix_integer.hpp; sourceTree = "<group>"; };
		CB9EC12F207A5C7400BE2B93 /* functions.hpp */ = {isa = PBXFileReference; lastKnownFileType = sourcecode.cpp.h; path = functions.hpp; sourceTree = "<group>"; };
		CB9EC130207A5C7400BE2B93 /* matrix_inverse.inl */ = {isa = PBXFileReference; lastKnownFileType = text; path = matrix_inverse.inl; sourceTree = "<group>"; };
		CB9EC131207A5C7400BE2B93 /* quaternion.inl */ = {isa = PBXFileReference; lastKnownFileType = text; path = quaternion.inl; sourceTree = "<group>"; };
		CB9EC132207A5C7400BE2B93 /* packing.inl */ = {isa = PBXFileReference; lastKnownFileType = text; path = packing.inl; sourceTree = "<group>"; };
		CB9EC133207A5C7400BE2B93 /* matrix_transform.inl */ = {isa = PBXFileReference; lastKnownFileType = text; path = matrix_transform.inl; sourceTree = "<group>"; };
		CB9EC134207A5C7400BE2B93 /* vec1.hpp */ = {isa = PBXFileReference; lastKnownFileType = sourcecode.cpp.h; path = vec1.hpp; sourceTree = "<group>"; };
		CB9EC135207A5C7400BE2B93 /* type_precision.inl */ = {isa = PBXFileReference; lastKnownFileType = text; path = type_precision.inl; sourceTree = "<group>"; };
		CB9EC136207A5C7400BE2B93 /* bitfield.inl */ = {isa = PBXFileReference; lastKnownFileType = text; path = bitfield.inl; sourceTree = "<group>"; };
		CB9EC137207A5C7400BE2B93 /* ulp.hpp */ = {isa = PBXFileReference; lastKnownFileType = sourcecode.cpp.h; path = ulp.hpp; sourceTree = "<group>"; };
		CB9EC138207A5C7400BE2B93 /* round.inl */ = {isa = PBXFileReference; lastKnownFileType = text; path = round.inl; sourceTree = "<group>"; };
		CB9EC139207A5C7400BE2B93 /* packing.hpp */ = {isa = PBXFileReference; lastKnownFileType = sourcecode.cpp.h; path = packing.hpp; sourceTree = "<group>"; };
		CB9EC13A207A5C7400BE2B93 /* quaternion_simd.inl */ = {isa = PBXFileReference; lastKnownFileType = text; path = quaternion_simd.inl; sourceTree = "<group>"; };
		CB9EC13B207A5C7400BE2B93 /* ulp.inl */ = {isa = PBXFileReference; lastKnownFileType = text; path = ulp.inl; sourceTree = "<group>"; };
		CB9EC13C207A5C7400BE2B93 /* round.hpp */ = {isa = PBXFileReference; lastKnownFileType = sourcecode.cpp.h; path = round.hpp; sourceTree = "<group>"; };
		CB9EC13D207A5C7400BE2B93 /* matrix_transform.hpp */ = {isa = PBXFileReference; lastKnownFileType = sourcecode.cpp.h; path = matrix_transform.hpp; sourceTree = "<group>"; };
		CB9EC13E207A5C7400BE2B93 /* type_precision.hpp */ = {isa = PBXFileReference; lastKnownFileType = sourcecode.cpp.h; path = type_precision.hpp; sourceTree = "<group>"; };
		CB9EC13F207A5C7400BE2B93 /* bitfield.hpp */ = {isa = PBXFileReference; lastKnownFileType = sourcecode.cpp.h; path = bitfield.hpp; sourceTree = "<group>"; };
		CB9EC140207A5C7400BE2B93 /* vec1.inl */ = {isa = PBXFileReference; lastKnownFileType = text; path = vec1.inl; sourceTree = "<group>"; };
		CB9EC141207A5C7400BE2B93 /* integer.inl */ = {isa = PBXFileReference; lastKnownFileType = text; path = integer.inl; sourceTree = "<group>"; };
		CB9EC142207A5C7400BE2B93 /* quaternion.hpp */ = {isa = PBXFileReference; lastKnownFileType = sourcecode.cpp.h; path = quaternion.hpp; sourceTree = "<group>"; };
		CB9EC143207A5C7400BE2B93 /* functions.inl */ = {isa = PBXFileReference; lastKnownFileType = text; path = functions.inl; sourceTree = "<group>"; };
		CB9EC144207A5C7400BE2B93 /* matrix_inverse.hpp */ = {isa = PBXFileReference; lastKnownFileType = sourcecode.cpp.h; path = matrix_inverse.hpp; sourceTree = "<group>"; };
		CB9EC145207A5C7400BE2B93 /* epsilon.inl */ = {isa = PBXFileReference; lastKnownFileType = text; path = epsilon.inl; sourceTree = "<group>"; };
		CB9EC146207A5C7400BE2B93 /* random.hpp */ = {isa = PBXFileReference; lastKnownFileType = sourcecode.cpp.h; path = random.hpp; sourceTree = "<group>"; };
		CB9EC147207A5C7400BE2B93 /* matrix_access.inl */ = {isa = PBXFileReference; lastKnownFileType = text; path = matrix_access.inl; sourceTree = "<group>"; };
		CB9EC148207A5C7400BE2B93 /* type_ptr.hpp */ = {isa = PBXFileReference; lastKnownFileType = sourcecode.cpp.h; path = type_ptr.hpp; sourceTree = "<group>"; };
		CB9EC149207A5C7400BE2B93 /* reciprocal.inl */ = {isa = PBXFileReference; lastKnownFileType = text; path = reciprocal.inl; sourceTree = "<group>"; };
		CB9EC14A207A5C7400BE2B93 /* constants.hpp */ = {isa = PBXFileReference; lastKnownFileType = sourcecode.cpp.h; path = constants.hpp; sourceTree = "<group>"; };
		CB9EC14B207A5C7400BE2B93 /* color_encoding.inl */ = {isa = PBXFileReference; lastKnownFileType = text; path = color_encoding.inl; sourceTree = "<group>"; };
		CB9EC14C207A5C7400BE2B93 /* color_space.hpp */ = {isa = PBXFileReference; lastKnownFileType = sourcecode.cpp.h; path = color_space.hpp; sourceTree = "<group>"; };
		CB9EC14D207A5C7400BE2B93 /* noise.hpp */ = {isa = PBXFileReference; lastKnownFileType = sourcecode.cpp.h; path = noise.hpp; sourceTree = "<group>"; };
		CB9EC14E207A5C7400BE2B93 /* color_space.inl */ = {isa = PBXFileReference; lastKnownFileType = text; path = color_space.inl; sourceTree = "<group>"; };
		CB9EC14F207A5C7400BE2B93 /* noise.inl */ = {isa = PBXFileReference; lastKnownFileType = text; path = noise.inl; sourceTree = "<group>"; };
		CB9EC150207A5C7400BE2B93 /* matrix_access.hpp */ = {isa = PBXFileReference; lastKnownFileType = sourcecode.cpp.h; path = matrix_access.hpp; sourceTree = "<group>"; };
		CB9EC151207A5C7400BE2B93 /* random.inl */ = {isa = PBXFileReference; lastKnownFileType = text; path = random.inl; sourceTree = "<group>"; };
		CB9EC152207A5C7400BE2B93 /* epsilon.hpp */ = {isa = PBXFileReference; lastKnownFileType = sourcecode.cpp.h; path = epsilon.hpp; sourceTree = "<group>"; };
		CB9EC153207A5C7400BE2B93 /* constants.inl */ = {isa = PBXFileReference; lastKnownFileType = text; path = constants.inl; sourceTree = "<group>"; };
		CB9EC154207A5C7400BE2B93 /* reciprocal.hpp */ = {isa = PBXFileReference; lastKnownFileType = sourcecode.cpp.h; path = reciprocal.hpp; sourceTree = "<group>"; };
		CB9EC155207A5C7400BE2B93 /* type_ptr.inl */ = {isa = PBXFileReference; lastKnownFileType = text; path = type_ptr.inl; sourceTree = "<group>"; };
		CB9EC156207A5C7400BE2B93 /* type_aligned.hpp */ = {isa = PBXFileReference; lastKnownFileType = sourcecode.cpp.h; path = type_aligned.hpp; sourceTree = "<group>"; };
		CB9EC157207A5C7400BE2B93 /* common.hpp */ = {isa = PBXFileReference; lastKnownFileType = sourcecode.cpp.h; path = common.hpp; sourceTree = "<group>"; };
		CB9EC159207A5C7400BE2B93 /* vector_angle.hpp */ = {isa = PBXFileReference; lastKnownFileType = sourcecode.cpp.h; path = vector_angle.hpp; sourceTree = "<group>"; };
		CB9EC15A207A5C7400BE2B93 /* log_base.inl */ = {isa = PBXFileReference; lastKnownFileType = text; path = log_base.inl; sourceTree = "<group>"; };
		CB9EC15B207A5C7400BE2B93 /* matrix_query.inl */ = {isa = PBXFileReference; lastKnownFileType = text; path = matrix_query.inl; sourceTree = "<group>"; };
		CB9EC15C207A5C7400BE2B93 /* extend.inl */ = {isa = PBXFileReference; lastKnownFileType = text; path = extend.inl; sourceTree = "<group>"; };
		CB9EC15D207A5C7400BE2B93 /* integer.hpp */ = {isa = PBXFileReference; lastKnownFileType = sourcecode.cpp.h; path = integer.hpp; sourceTree = "<group>"; };
		CB9EC15E207A5C7400BE2B93 /* associated_min_max.inl */ = {isa = PBXFileReference; lastKnownFileType = text; path = associated_min_max.inl; sourceTree = "<group>"; };
		CB9EC15F207A5C7400BE2B93 /* matrix_transform_2d.inl */ = {isa = PBXFileReference; lastKnownFileType = text; path = matrix_transform_2d.inl; sourceTree = "<group>"; };
		CB9EC160207A5C7400BE2B93 /* hash.hpp */ = {isa = PBXFileReference; lastKnownFileType = sourcecode.cpp.h; path = hash.hpp; sourceTree = "<group>"; };
		CB9EC161207A5C7400BE2B93 /* rotate_vector.hpp */ = {isa = PBXFileReference; lastKnownFileType = sourcecode.cpp.h; path = rotate_vector.hpp; sourceTree = "<group>"; };
		CB9EC162207A5C7400BE2B93 /* matrix_interpolation.hpp */ = {isa = PBXFileReference; lastKnownFileType = sourcecode.cpp.h; path = matrix_interpolation.hpp; sourceTree = "<group>"; };
		CB9EC163207A5C7400BE2B93 /* quaternion.inl */ = {isa = PBXFileReference; lastKnownFileType = text; path = quaternion.inl; sourceTree = "<group>"; };
		CB9EC164207A5C7400BE2B93 /* gradient_paint.inl */ = {isa = PBXFileReference; lastKnownFileType = text; path = gradient_paint.inl; sourceTree = "<group>"; };
		CB9EC165207A5C7400BE2B93 /* string_cast.hpp */ = {isa = PBXFileReference; lastKnownFileType = sourcecode.cpp.h; path = string_cast.hpp; sourceTree = "<group>"; };
		CB9EC166207A5C7400BE2B93 /* color_space_YCoCg.hpp */ = {isa = PBXFileReference; lastKnownFileType = sourcecode.cpp.h; path = color_space_YCoCg.hpp; sourceTree = "<group>"; };
		CB9EC167207A5C7400BE2B93 /* type_trait.inl */ = {isa = PBXFileReference; lastKnownFileType = text; path = type_trait.inl; sourceTree = "<group>"; };
		CB9EC168207A5C7400BE2B93 /* extended_min_max.hpp */ = {isa = PBXFileReference; lastKnownFileType = sourcecode.cpp.h; path = extended_min_max.hpp; sourceTree = "<group>"; };
		CB9EC169207A5C7400BE2B93 /* euler_angles.inl */ = {isa = PBXFileReference; lastKnownFileType = text; path = euler_angles.inl; sourceTree = "<group>"; };
		CB9EC16A207A5C7400BE2B93 /* fast_square_root.hpp */ = {isa = PBXFileReference; lastKnownFileType = sourcecode.cpp.h; path = fast_square_root.hpp; sourceTree = "<group>"; };
		CB9EC16B207A5C7400BE2B93 /* raw_data.inl */ = {isa = PBXFileReference; lastKnownFileType = text; path = raw_data.inl; sourceTree = "<group>"; };
		CB9EC16C207A5C7400BE2B93 /* matrix_cross_product.inl */ = {isa = PBXFileReference; lastKnownFileType = text; path = matrix_cross_product.inl; sourceTree = "<group>"; };
		CB9EC16D207A5C7400BE2B93 /* spline.hpp */ = {isa = PBXFileReference; lastKnownFileType = sourcecode.cpp.h; path = spline.hpp; sourceTree = "<group>"; };
		CB9EC16E207A5C7400BE2B93 /* fast_trigonometry.hpp */ = {isa = PBXFileReference; lastKnownFileType = sourcecode.cpp.h; path = fast_trigonometry.hpp; sourceTree = "<group>"; };
		CB9EC16F207A5C7400BE2B93 /* optimum_pow.inl */ = {isa = PBXFileReference; lastKnownFileType = text; path = optimum_pow.inl; sourceTree = "<group>"; };
		CB9EC170207A5C7400BE2B93 /* dual_quaternion.hpp */ = {isa = PBXFileReference; lastKnownFileType = sourcecode.cpp.h; path = dual_quaternion.hpp; sourceTree = "<group>"; };
		CB9EC171207A5C7400BE2B93 /* closest_point.hpp */ = {isa = PBXFileReference; lastKnownFileType = sourcecode.cpp.h; path = closest_point.hpp; sourceTree = "<group>"; };
		CB9EC172207A5C7400BE2B93 /* number_precision.inl */ = {isa = PBXFileReference; lastKnownFileType = text; path = number_precision.inl; sourceTree = "<group>"; };
		CB9EC173207A5C7400BE2B93 /* mixed_product.inl */ = {isa = PBXFileReference; lastKnownFileType = text; path = mixed_product.inl; sourceTree = "<group>"; };
		CB9EC174207A5C7400BE2B93 /* transform.inl */ = {isa = PBXFileReference; lastKnownFileType = text; path = transform.inl; sourceTree = "<group>"; };
		CB9EC175207A5C7400BE2B93 /* bit.inl */ = {isa = PBXFileReference; lastKnownFileType = text; path = bit.inl; sourceTree = "<group>"; };
		CB9EC176207A5C7400BE2B93 /* io.inl */ = {isa = PBXFileReference; lastKnownFileType = text; path = io.inl; sourceTree = "<group>"; };
		CB9EC177207A5C7400BE2B93 /* fast_trigonometry.inl */ = {isa = PBXFileReference; lastKnownFileType = text; path = fast_trigonometry.inl; sourceTree = "<group>"; };
		CB9EC178207A5C7400BE2B93 /* optimum_pow.hpp */ = {isa = PBXFileReference; lastKnownFileType = sourcecode.cpp.h; path = optimum_pow.hpp; sourceTree = "<group>"; };
		CB9EC179207A5C7400BE2B93 /* spline.inl */ = {isa = PBXFileReference; lastKnownFileType = text; path = spline.inl; sourceTree = "<group>"; };
		CB9EC17A207A5C7400BE2B93 /* raw_data.hpp */ = {isa = PBXFileReference; lastKnownFileType = sourcecode.cpp.h; path = raw_data.hpp; sourceTree = "<group>"; };
		CB9EC17B207A5C7400BE2B93 /* matrix_cross_product.hpp */ = {isa = PBXFileReference; lastKnownFileType = sourcecode.cpp.h; path = matrix_cross_product.hpp; sourceTree = "<group>"; };
		CB9EC17C207A5C7400BE2B93 /* euler_angles.hpp */ = {isa = PBXFileReference; lastKnownFileType = sourcecode.cpp.h; path = euler_angles.hpp; sourceTree = "<group>"; };
		CB9EC17D207A5C7400BE2B93 /* fast_square_root.inl */ = {isa = PBXFileReference; lastKnownFileType = text; path = fast_square_root.inl; sourceTree = "<group>"; };
		CB9EC17E207A5C7400BE2B93 /* color_space_YCoCg.inl */ = {isa = PBXFileReference; lastKnownFileType = text; path = color_space_YCoCg.inl; sourceTree = "<group>"; };
		CB9EC17F207A5C7400BE2B93 /* type_trait.hpp */ = {isa = PBXFileReference; lastKnownFileType = sourcecode.cpp.h; path = type_trait.hpp; sourceTree = "<group>"; };
		CB9EC180207A5C7400BE2B93 /* extended_min_max.inl */ = {isa = PBXFileReference; lastKnownFileType = text; path = extended_min_max.inl; sourceTree = "<group>"; };
		CB9EC181207A5C7400BE2B93 /* io.hpp */ = {isa = PBXFileReference; lastKnownFileType = sourcecode.cpp.h; path = io.hpp; sourceTree = "<group>"; };
		CB9EC182207A5C7400BE2B93 /* float_notmalize.inl */ = {isa = PBXFileReference; lastKnownFileType = text; path = float_notmalize.inl; sourceTree = "<group>"; };
		CB9EC183207A5C7400BE2B93 /* transform.hpp */ = {isa = PBXFileReference; lastKnownFileType = sourcecode.cpp.h; path = transform.hpp; sourceTree = "<group>"; };
		CB9EC184207A5C7400BE2B93 /* bit.hpp */ = {isa = PBXFileReference; lastKnownFileType = sourcecode.cpp.h; path = bit.hpp; sourceTree = "<group>"; };
		CB9EC185207A5C7400BE2B93 /* number_precision.hpp */ = {isa = PBXFileReference; lastKnownFileType = sourcecode.cpp.h; path = number_precision.hpp; sourceTree = "<group>"; };
		CB9EC186207A5C7400BE2B93 /* mixed_product.hpp */ = {isa = PBXFileReference; lastKnownFileType = sourcecode.cpp.h; path = mixed_product.hpp; sourceTree = "<group>"; };
		CB9EC187207A5C7400BE2B93 /* closest_point.inl */ = {isa = PBXFileReference; lastKnownFileType = text; path = closest_point.inl; sourceTree = "<group>"; };
		CB9EC188207A5C7400BE2B93 /* dual_quaternion.inl */ = {isa = PBXFileReference; lastKnownFileType = text; path = dual_quaternion.inl; sourceTree = "<group>"; };
		CB9EC189207A5C7400BE2B93 /* associated_min_max.hpp */ = {isa = PBXFileReference; lastKnownFileType = sourcecode.cpp.h; path = associated_min_max.hpp; sourceTree = "<group>"; };
		CB9EC18A207A5C7400BE2B93 /* matrix_transform_2d.hpp */ = {isa = PBXFileReference; lastKnownFileType = sourcecode.cpp.h; path = matrix_transform_2d.hpp; sourceTree = "<group>"; };
		CB9EC18B207A5C7400BE2B93 /* integer.inl */ = {isa = PBXFileReference; lastKnownFileType = text; path = integer.inl; sourceTree = "<group>"; };
		CB9EC18C207A5C7400BE2B93 /* log_base.hpp */ = {isa = PBXFileReference; lastKnownFileType = sourcecode.cpp.h; path = log_base.hpp; sourceTree = "<group>"; };
		CB9EC18D207A5C7400BE2B93 /* matrix_query.hpp */ = {isa = PBXFileReference; lastKnownFileType = sourcecode.cpp.h; path = matrix_query.hpp; sourceTree = "<group>"; };
		CB9EC18E207A5C7400BE2B93 /* vector_angle.inl */ = {isa = PBXFileReference; lastKnownFileType = text; path = vector_angle.inl; sourceTree = "<group>"; };
		CB9EC18F207A5C7400BE2B93 /* extend.hpp */ = {isa = PBXFileReference; lastKnownFileType = sourcecode.cpp.h; path = extend.hpp; sourceTree = "<group>"; };
		CB9EC190207A5C7400BE2B93 /* gradient_paint.hpp */ = {isa = PBXFileReference; lastKnownFileType = sourcecode.cpp.h; path = gradient_paint.hpp; sourceTree = "<group>"; };
		CB9EC191207A5C7400BE2B93 /* quaternion.hpp */ = {isa = PBXFileReference; lastKnownFileType = sourcecode.cpp.h; path = quaternion.hpp; sourceTree = "<group>"; };
		CB9EC192207A5C7400BE2B93 /* string_cast.inl */ = {isa = PBXFileReference; lastKnownFileType = text; path = string_cast.inl; sourceTree = "<group>"; };
		CB9EC193207A5C7400BE2B93 /* rotate_vector.inl */ = {isa = PBXFileReference; lastKnownFileType = text; path = rotate_vector.inl; sourceTree = "<group>"; };
		CB9EC194207A5C7400BE2B93 /* matrix_interpolation.inl */ = {isa = PBXFileReference; lastKnownFileType = text; path = matrix_interpolation.inl; sourceTree = "<group>"; };
		CB9EC195207A5C7400BE2B93 /* hash.inl */ = {isa = PBXFileReference; lastKnownFileType = text; path = hash.inl; sourceTree = "<group>"; };
		CB9EC196207A5C7400BE2B93 /* vector_query.inl */ = {isa = PBXFileReference; lastKnownFileType = text; path = vector_query.inl; sourceTree = "<group>"; };
		CB9EC197207A5C7400BE2B93 /* polar_coordinates.hpp */ = {isa = PBXFileReference; lastKnownFileType = sourcecode.cpp.h; path = polar_coordinates.hpp; sourceTree = "<group>"; };
		CB9EC198207A5C7400BE2B93 /* orthonormalize.inl */ = {isa = PBXFileReference; lastKnownFileType = text; path = orthonormalize.inl; sourceTree = "<group>"; };
		CB9EC199207A5C7400BE2B93 /* component_wise.inl */ = {isa = PBXFileReference; lastKnownFileType = text; path = component_wise.inl; sourceTree = "<group>"; };
		CB9EC19A207A5C7400BE2B93 /* normalize_dot.inl */ = {isa = PBXFileReference; lastKnownFileType = text; path = normalize_dot.inl; sourceTree = "<group>"; };
		CB9EC19B207A5C7400BE2B93 /* std_based_type.inl */ = {isa = PBXFileReference; lastKnownFileType = text; path = std_based_type.inl; sourceTree = "<group>"; };
		CB9EC19C207A5C7400BE2B93 /* type_aligned.inl */ = {isa = PBXFileReference; lastKnownFileType = text; path = type_aligned.inl; sourceTree = "<group>"; };
		CB9EC19D207A5C7400BE2B93 /* projection.hpp */ = {isa = PBXFileReference; lastKnownFileType = sourcecode.cpp.h; path = projection.hpp; sourceTree = "<group>"; };
		CB9EC19E207A5C7400BE2B93 /* compatibility.inl */ = {isa = PBXFileReference; lastKnownFileType = text; path = compatibility.inl; sourceTree = "<group>"; };
		CB9EC19F207A5C7400BE2B93 /* scalar_relational.hpp */ = {isa = PBXFileReference; lastKnownFileType = sourcecode.cpp.h; path = scalar_relational.hpp; sourceTree = "<group>"; };
		CB9EC1A0207A5C7400BE2B93 /* wrap.hpp */ = {isa = PBXFileReference; lastKnownFileType = sourcecode.cpp.h; path = wrap.hpp; sourceTree = "<group>"; };
		CB9EC1A1207A5C7400BE2B93 /* rotate_normalized_axis.inl */ = {isa = PBXFileReference; lastKnownFileType = text; path = rotate_normalized_axis.inl; sourceTree = "<group>"; };
		CB9EC1A2207A5C7400BE2B93 /* norm.hpp */ = {isa = PBXFileReference; lastKnownFileType = sourcecode.cpp.h; path = norm.hpp; sourceTree = "<group>"; };
		CB9EC1A3207A5C7400BE2B93 /* matrix_major_storage.inl */ = {isa = PBXFileReference; lastKnownFileType = text; path = matrix_major_storage.inl; sourceTree = "<group>"; };
		CB9EC1A4207A5C7400BE2B93 /* matrix_operation.inl */ = {isa = PBXFileReference; lastKnownFileType = text; path = matrix_operation.inl; sourceTree = "<group>"; };
		CB9EC1A5207A5C7400BE2B93 /* color_space.hpp */ = {isa = PBXFileReference; lastKnownFileType = sourcecode.cpp.h; path = color_space.hpp; sourceTree = "<group>"; };
		CB9EC1A6207A5C7400BE2B93 /* normal.hpp */ = {isa = PBXFileReference; lastKnownFileType = sourcecode.cpp.h; path = normal.hpp; sourceTree = "<group>"; };
		CB9EC1A7207A5C7400BE2B93 /* intersect.inl */ = {isa = PBXFileReference; lastKnownFileType = text; path = intersect.inl; sourceTree = "<group>"; };
		CB9EC1A8207A5C7400BE2B93 /* perpendicular.inl */ = {isa = PBXFileReference; lastKnownFileType = text; path = perpendicular.inl; sourceTree = "<group>"; };
		CB9EC1A9207A5C7400BE2B93 /* transform2.inl */ = {isa = PBXFileReference; lastKnownFileType = text; path = transform2.inl; sourceTree = "<group>"; };
		CB9EC1AA207A5C7400BE2B93 /* matrix_decompose.hpp */ = {isa = PBXFileReference; lastKnownFileType = sourcecode.cpp.h; path = matrix_decompose.hpp; sourceTree = "<group>"; };
		CB9EC1AB207A5C7400BE2B93 /* fast_exponential.hpp */ = {isa = PBXFileReference; lastKnownFileType = sourcecode.cpp.h; path = fast_exponential.hpp; sourceTree = "<group>"; };
		CB9EC1AC207A5C7400BE2B93 /* common.inl */ = {isa = PBXFileReference; lastKnownFileType = text; path = common.inl; sourceTree = "<group>"; };
		CB9EC1AD207A5C7400BE2B93 /* handed_coordinate_space.hpp */ = {isa = PBXFileReference; lastKnownFileType = sourcecode.cpp.h; path = handed_coordinate_space.hpp; sourceTree = "<group>"; };
		CB9EC1AE207A5C7400BE2B93 /* intersect.hpp */ = {isa = PBXFileReference; lastKnownFileType = sourcecode.cpp.h; path = intersect.hpp; sourceTree = "<group>"; };
		CB9EC1AF207A5C7400BE2B93 /* perpendicular.hpp */ = {isa = PBXFileReference; lastKnownFileType = sourcecode.cpp.h; path = perpendicular.hpp; sourceTree = "<group>"; };
		CB9EC1B0207A5C7400BE2B93 /* matrix_operation.hpp */ = {isa = PBXFileReference; lastKnownFileType = sourcecode.cpp.h; path = matrix_operation.hpp; sourceTree = "<group>"; };
		CB9EC1B1207A5C7400BE2B93 /* color_space.inl */ = {isa = PBXFileReference; lastKnownFileType = text; path = color_space.inl; sourceTree = "<group>"; };
		CB9EC1B2207A5C7400BE2B93 /* normal.inl */ = {isa = PBXFileReference; lastKnownFileType = text; path = normal.inl; sourceTree = "<group>"; };
		CB9EC1B3207A5C7400BE2B93 /* matrix_major_storage.hpp */ = {isa = PBXFileReference; lastKnownFileType = sourcecode.cpp.h; path = matrix_major_storage.hpp; sourceTree = "<group>"; };
		CB9EC1B4207A5C7400BE2B93 /* norm.inl */ = {isa = PBXFileReference; lastKnownFileType = text; path = norm.inl; sourceTree = "<group>"; };
		CB9EC1B5207A5C7400BE2B93 /* handed_coordinate_space.inl */ = {isa = PBXFileReference; lastKnownFileType = text; path = handed_coordinate_space.inl; sourceTree = "<group>"; };
		CB9EC1B6207A5C7400BE2B93 /* common.hpp */ = {isa = PBXFileReference; lastKnownFileType = sourcecode.cpp.h; path = common.hpp; sourceTree = "<group>"; };
		CB9EC1B7207A5C7400BE2B93 /* range.hpp */ = {isa = PBXFileReference; lastKnownFileType = sourcecode.cpp.h; path = range.hpp; sourceTree = "<group>"; };
		CB9EC1B8207A5C7400BE2B93 /* fast_exponential.inl */ = {isa = PBXFileReference; lastKnownFileType = text; path = fast_exponential.inl; sourceTree = "<group>"; };
		CB9EC1B9207A5C7400BE2B93 /* transform2.hpp */ = {isa = PBXFileReference; lastKnownFileType = sourcecode.cpp.h; path = transform2.hpp; sourceTree = "<group>"; };
		CB9EC1BA207A5C7400BE2B93 /* matrix_decompose.inl */ = {isa = PBXFileReference; lastKnownFileType = text; path = matrix_decompose.inl; sourceTree = "<group>"; };
		CB9EC1BB207A5C7400BE2B93 /* scalar_multiplication.hpp */ = {isa = PBXFileReference; lastKnownFileType = sourcecode.cpp.h; path = scalar_multiplication.hpp; sourceTree = "<group>"; };
		CB9EC1BC207A5C7400BE2B93 /* std_based_type.hpp */ = {isa = PBXFileReference; lastKnownFileType = sourcecode.cpp.h; path = std_based_type.hpp; sourceTree = "<group>"; };
		CB9EC1BD207A5C7400BE2B93 /* orthonormalize.hpp */ = {isa = PBXFileReference; lastKnownFileType = sourcecode.cpp.h; path = orthonormalize.hpp; sourceTree = "<group>"; };
		CB9EC1BE207A5C7400BE2B93 /* normalize_dot.hpp */ = {isa = PBXFileReference; lastKnownFileType = sourcecode.cpp.h; path = normalize_dot.hpp; sourceTree = "<group>"; };
		CB9EC1BF207A5C7400BE2B93 /* component_wise.hpp */ = {isa = PBXFileReference; lastKnownFileType = sourcecode.cpp.h; path = component_wise.hpp; sourceTree = "<group>"; };
		CB9EC1C0207A5C7400BE2B93 /* polar_coordinates.inl */ = {isa = PBXFileReference; lastKnownFileType = text; path = polar_coordinates.inl; sourceTree = "<group>"; };
		CB9EC1C1207A5C7400BE2B93 /* vector_query.hpp */ = {isa = PBXFileReference; lastKnownFileType = sourcecode.cpp.h; path = vector_query.hpp; sourceTree = "<group>"; };
		CB9EC1C2207A5C7400BE2B93 /* scalar_relational.inl */ = {isa = PBXFileReference; lastKnownFileType = text; path = scalar_relational.inl; sourceTree = "<group>"; };
		CB9EC1C3207A5C7400BE2B93 /* wrap.inl */ = {isa = PBXFileReference; lastKnownFileType = text; path = wrap.inl; sourceTree = "<group>"; };
		CB9EC1C4207A5C7400BE2B93 /* compatibility.hpp */ = {isa = PBXFileReference; lastKnownFileType = sourcecode.cpp.h; path = compatibility.hpp; sourceTree = "<group>"; };
		CB9EC1C5207A5C7400BE2B93 /* rotate_normalized_axis.hpp */ = {isa = PBXFileReference; lastKnownFileType = sourcecode.cpp.h; path = rotate_normalized_axis.hpp; sourceTree = "<group>"; };
		CB9EC1C6207A5C7400BE2B93 /* projection.inl */ = {isa = PBXFileReference; lastKnownFileType = text; path = projection.inl; sourceTree = "<group>"; };
		CB9EC1C7207A5C7400BE2B93 /* type_aligned.hpp */ = {isa = PBXFileReference; lastKnownFileType = sourcecode.cpp.h; path = type_aligned.hpp; sourceTree = "<group>"; };
		CB9EC1C9207A5CA300BE2B93 /* GLTexture.cpp */ = {isa = PBXFileReference; lastKnownFileType = sourcecode.cpp.cpp; path = GLTexture.cpp; sourceTree = "<group>"; };
		CB9EC1CA207A5CA300BE2B93 /* Camera.cpp */ = {isa = PBXFileReference; lastKnownFileType = sourcecode.cpp.cpp; path = Camera.cpp; sourceTree = "<group>"; };
		CB9EC1CB207A5CA300BE2B93 /* triangle.vsh */ = {isa = PBXFileReference; lastKnownFileType = sourcecode.glsl; path = triangle.vsh; sourceTree = "<group>"; };
		CB9EC1CC207A5CA300BE2B93 /* lamp.fsh */ = {isa = PBXFileReference; lastKnownFileType = sourcecode.glsl; path = lamp.fsh; sourceTree = "<group>"; };
		CB9EC1CD207A5CA300BE2B93 /* Shader.cpp */ = {isa = PBXFileReference; lastKnownFileType = sourcecode.cpp.cpp; path = Shader.cpp; sourceTree = "<group>"; };
		CB9EC1CE207A5CA300BE2B93 /* Shader.hpp */ = {isa = PBXFileReference; lastKnownFileType = sourcecode.cpp.h; path = Shader.hpp; sourceTree = "<group>"; };
		CB9EC1CF207A5CA300BE2B93 /* lamp.vsh */ = {isa = PBXFileReference; lastKnownFileType = sourcecode.glsl; path = lamp.vsh; sourceTree = "<group>"; };
		CB9EC1D0207A5CA300BE2B93 /* GLTexture.hpp */ = {isa = PBXFileReference; lastKnownFileType = sourcecode.cpp.h; path = GLTexture.hpp; sourceTree = "<group>"; };
		CB9EC1D1207A5CA300BE2B93 /* triangle.fsh */ = {isa = PBXFileReference; lastKnownFileType = sourcecode.glsl; path = triangle.fsh; sourceTree = "<group>"; };
		CB9EC1D2207A5CA300BE2B93 /* main.cpp */ = {isa = PBXFileReference; lastKnownFileType = sourcecode.cpp.cpp; path = main.cpp; sourceTree = "<group>"; };
		CB9EC1D3207A5CA300BE2B93 /* Camera.hpp */ = {isa = PBXFileReference; lastKnownFileType = sourcecode.cpp.h; path = Camera.hpp; sourceTree = "<group>"; };
		CB9EC1D5207A5CA300BE2B93 /* container.jpg */ = {isa = PBXFileReference; lastKnownFileType = image.jpeg; path = container.jpg; sourceTree = "<group>"; };
		CB9EC1D6207A5CA300BE2B93 /* container2_specular.png */ = {isa = PBXFileReference; lastKnownFileType = image.png; path = container2_specular.png; sourceTree = "<group>"; };
		CB9EC1D7207A5CA300BE2B93 /* container2.png */ = {isa = PBXFileReference; lastKnownFileType = image.png; path = container2.png; sourceTree = "<group>"; };
		CB9EC1D8207A5CA300BE2B93 /* awesomeface.png */ = {isa = PBXFileReference; lastKnownFileType = image.png; path = awesomeface.png; sourceTree = "<group>"; };
		CB9EC1E5207A5D9B00BE2B93 /* glxew.h */ = {isa = PBXFileReference; lastKnownFileType = sourcecode.c.h; path = glxew.h; sourceTree = "<group>"; };
		CB9EC1E6207A5D9B00BE2B93 /* wglew.h */ = {isa = PBXFileReference; lastKnownFileType = sourcecode.c.h; path = wglew.h; sourceTree = "<group>"; };
		CB9EC1E7207A5D9B00BE2B93 /* glew.h */ = {isa = PBXFileReference; lastKnownFileType = sourcecode.c.h; path = glew.h; sourceTree = "<group>"; };
		CB9EC1E8207A5D9B00BE2B93 /* libGLEW.2.1.0.dylib */ = {isa = PBXFileReference; lastKnownFileType = "compiled.mach-o.dylib"; path = libGLEW.2.1.0.dylib; sourceTree = "<group>"; };
		CB9EC1EC207A5D9B00BE2B93 /* glfw3.h */ = {isa = PBXFileReference; lastKnownFileType = sourcecode.c.h; path = glfw3.h; sourceTree = "<group>"; };
		CB9EC1ED207A5D9B00BE2B93 /* glfw3native.h */ = {isa = PBXFileReference; lastKnownFileType = sourcecode.c.h; path = glfw3native.h; sourceTree = "<group>"; };
		CB9EC1EE207A5D9B00BE2B93 /* libglfw.3.2.dylib */ = {isa = PBXFileReference; lastKnownFileType = "compiled.mach-o.dylib"; path = libglfw.3.2.dylib; sourceTree = "<group>"; };
		CBC913982054105A003C14B6 /* libglfw.3.3.dylib */ = {isa = PBXFileReference; lastKnownFileType = "compiled.mach-o.dylib"; name = libglfw.3.3.dylib; path = ../../../../../usr/local/lib/libglfw.3.3.dylib; sourceTree = "<group>"; };
		CBC9139A20541708003C14B6 /* GLUT.framework */ = {isa = PBXFileReference; lastKnownFileType = wrapper.framework; name = GLUT.framework; path = System/Library/Frameworks/GLUT.framework; sourceTree = SDKROOT; };
/* End PBXFileReference section */

/* Begin PBXFrameworksBuildPhase section */
		CB1757362048E953001EA978 /* Frameworks */ = {
			isa = PBXFrameworksBuildPhase;
			buildActionMask = 2147483647;
			files = (
				CB9EC1EF207A5DEC00BE2B93 /* libGLEW.2.1.0.dylib in Frameworks */,
				CB9EC1F0207A5DF100BE2B93 /* libglfw.3.2.dylib in Frameworks */,
				CB963E032056C21B00BE41D1 /* libSOILibrary.dylib in Frameworks */,
				CBC9139B20541708003C14B6 /* GLUT.framework in Frameworks */,
				CB1757452048EA64001EA978 /* OpenGL.framework in Frameworks */,
			);
			runOnlyForDeploymentPostprocessing = 0;
		};
		CB963DEF2056C1E500BE41D1 /* Frameworks */ = {
			isa = PBXFrameworksBuildPhase;
			buildActionMask = 2147483647;
			files = (
				CB963E0B2056CF1200BE41D1 /* CoreFoundation.framework in Frameworks */,
				CB963E042056C27A00BE41D1 /* OpenGL.framework in Frameworks */,
			);
			runOnlyForDeploymentPostprocessing = 0;
		};
/* End PBXFrameworksBuildPhase section */

/* Begin PBXGroup section */
		CB1757302048E953001EA978 = {
			isa = PBXGroup;
			children = (
				CB9EC1C8207A5CA300BE2B93 /* sources */,
				CB9EC0B2207A5C7400BE2B93 /* libs */,
				CB9EC1D4207A5CA300BE2B93 /* resources */,
				CB17573A2048E953001EA978 /* Products */,
				CB1757432048EA64001EA978 /* Frameworks */,
			);
			sourceTree = "<group>";
		};
		CB17573A2048E953001EA978 /* Products */ = {
			isa = PBXGroup;
			children = (
				CB1757392048E953001EA978 /* OpenGLTest */,
				CB963DF22056C1E500BE41D1 /* libSOILibrary.dylib */,
			);
			name = Products;
			sourceTree = "<group>";
		};
		CB1757432048EA64001EA978 /* Frameworks */ = {
			isa = PBXGroup;
			children = (
				CB0F955E20596F4200F94F34 /* libGLEW.a */,
				CB963E0A2056CF1200BE41D1 /* CoreFoundation.framework */,
				CB963DEB2056BFB300BE41D1 /* Foundation.framework */,
				CBC9139A20541708003C14B6 /* GLUT.framework */,
				CBC913982054105A003C14B6 /* libglfw.3.3.dylib */,
				CB1757472048EAFF001EA978 /* libGLEW.2.1.0.dylib */,
				CB1757462048EAFF001EA978 /* libglfw.3.2.dylib */,
				CB1757442048EA64001EA978 /* OpenGL.framework */,
			);
			name = Frameworks;
			sourceTree = "<group>";
		};
		CB9EC0B2207A5C7400BE2B93 /* libs */ = {
			isa = PBXGroup;
			children = (
				CB9EC1E2207A5D9B00BE2B93 /* glew */,
				CB9EC1E9207A5D9B00BE2B93 /* glfw */,
				CB9EC0B3207A5C7400BE2B93 /* SOIL */,
				CB9EC0C2207A5C7400BE2B93 /* glm */,
			);
			path = libs;
			sourceTree = "<group>";
		};
		CB9EC0B3207A5C7400BE2B93 /* SOIL */ = {
			isa = PBXGroup;
			children = (
				CB9EC0B4207A5C7400BE2B93 /* image_helper.c */,
				CB9EC0B5207A5C7400BE2B93 /* stb_image_aug.h */,
				CB9EC0B6207A5C7400BE2B93 /* SOIL.h */,
				CB9EC0B7207A5C7400BE2B93 /* stbi_DDS_aug.h */,
				CB9EC0B8207A5C7400BE2B93 /* image_DXT.c */,
				CB9EC0B9207A5C7400BE2B93 /* original */,
				CB9EC0BC207A5C7400BE2B93 /* stbi_DDS_aug_c.h */,
				CB9EC0BD207A5C7400BE2B93 /* SOIL.c */,
				CB9EC0BE207A5C7400BE2B93 /* stb_image_aug.c */,
				CB9EC0BF207A5C7400BE2B93 /* image_helper.h */,
				CB9EC0C0207A5C7400BE2B93 /* image_DXT.h */,
				CB9EC0C1207A5C7400BE2B93 /* test_SOIL.cpp */,
			);
			path = SOIL;
			sourceTree = "<group>";
		};
		CB9EC0B9207A5C7400BE2B93 /* original */ = {
			isa = PBXGroup;
			children = (
				CB9EC0BA207A5C7400BE2B93 /* stb_image-1.09.c */,
				CB9EC0BB207A5C7400BE2B93 /* stb_image-1.16.c */,
			);
			path = original;
			sourceTree = "<group>";
		};
		CB9EC0C2207A5C7400BE2B93 /* glm */ = {
			isa = PBXGroup;
			children = (
				CB9EC0C3207A5C7400BE2B93 /* vec4.hpp */,
				CB9EC0C4207A5C7400BE2B93 /* integer.hpp */,
				CB9EC0C5207A5C7400BE2B93 /* vector_relational.hpp */,
				CB9EC0C6207A5C7400BE2B93 /* mat2x3.hpp */,
				CB9EC0C7207A5C7400BE2B93 /* mat4x4.hpp */,
				CB9EC0C8207A5C7400BE2B93 /* mat2x2.hpp */,
				CB9EC0C9207A5C7400BE2B93 /* exponential.hpp */,
				CB9EC0CA207A5C7400BE2B93 /* vec2.hpp */,
				CB9EC0CB207A5C7400BE2B93 /* vec3.hpp */,
				CB9EC0CC207A5C7400BE2B93 /* fwd.hpp */,
				CB9EC0CD207A5C7400BE2B93 /* mat4x3.hpp */,
				CB9EC0CE207A5C7400BE2B93 /* mat4x2.hpp */,
				CB9EC0CF207A5C7400BE2B93 /* mat2x4.hpp */,
				CB9EC0D0207A5C7400BE2B93 /* packing.hpp */,
				CB9EC0D1207A5C7400BE2B93 /* mat3x3.hpp */,
				CB9EC0D2207A5C7400BE2B93 /* mat3x2.hpp */,
				CB9EC0D3207A5C7400BE2B93 /* simd */,
				CB9EC0DD207A5C7400BE2B93 /* mat3x4.hpp */,
				CB9EC0DE207A5C7400BE2B93 /* matrix.hpp */,
				CB9EC0DF207A5C7400BE2B93 /* glm.hpp */,
				CB9EC0E0207A5C7400BE2B93 /* trigonometric.hpp */,
				CB9EC0E1207A5C7400BE2B93 /* geometric.hpp */,
				CB9EC0E2207A5C7400BE2B93 /* detail */,
				CB9EC12B207A5C7400BE2B93 /* ext.hpp */,
				CB9EC12C207A5C7400BE2B93 /* gtc */,
				CB9EC157207A5C7400BE2B93 /* common.hpp */,
				CB9EC158207A5C7400BE2B93 /* gtx */,
			);
			path = glm;
			sourceTree = "<group>";
		};
		CB9EC0D3207A5C7400BE2B93 /* simd */ = {
			isa = PBXGroup;
			children = (
				CB9EC0D4207A5C7400BE2B93 /* vector_relational.h */,
				CB9EC0D5207A5C7400BE2B93 /* matrix.h */,
				CB9EC0D6207A5C7400BE2B93 /* packing.h */,
				CB9EC0D7207A5C7400BE2B93 /* common.h */,
				CB9EC0D8207A5C7400BE2B93 /* trigonometric.h */,
				CB9EC0D9207A5C7400BE2B93 /* geometric.h */,
				CB9EC0DA207A5C7400BE2B93 /* integer.h */,
				CB9EC0DB207A5C7400BE2B93 /* platform.h */,
				CB9EC0DC207A5C7400BE2B93 /* exponential.h */,
			);
			path = simd;
			sourceTree = "<group>";
		};
		CB9EC0E2207A5C7400BE2B93 /* detail */ = {
			isa = PBXGroup;
			children = (
				CB9EC0E3207A5C7400BE2B93 /* type_vec.hpp */,
				CB9EC0E4207A5C7400BE2B93 /* func_geometric.hpp */,
				CB9EC0E5207A5C7400BE2B93 /* func_exponential.inl */,
				CB9EC0E6207A5C7400BE2B93 /* func_trigonometric.hpp */,
				CB9EC0E7207A5C7400BE2B93 /* func_integer_simd.inl */,
				CB9EC0E8207A5C7400BE2B93 /* func_vector_relational.inl */,
				CB9EC0E9207A5C7400BE2B93 /* func_packing.inl */,
				CB9EC0EA207A5C7400BE2B93 /* func_common.hpp */,
				CB9EC0EB207A5C7400BE2B93 /* _fixes.hpp */,
				CB9EC0EC207A5C7400BE2B93 /* type_half.inl */,
				CB9EC0ED207A5C7400BE2B93 /* func_integer.hpp */,
				CB9EC0EE207A5C7400BE2B93 /* func_vector_relational_simd.inl */,
				CB9EC0EF207A5C7400BE2B93 /* func_matrix_simd.inl */,
				CB9EC0F0207A5C7400BE2B93 /* type_int.hpp */,
				CB9EC0F1207A5C7400BE2B93 /* _noise.hpp */,
				CB9EC0F2207A5C7400BE2B93 /* type_half.hpp */,
				CB9EC0F3207A5C7400BE2B93 /* _features.hpp */,
				CB9EC0F4207A5C7400BE2B93 /* func_integer.inl */,
				CB9EC0F5207A5C7400BE2B93 /* _vectorize.hpp */,
				CB9EC0F6207A5C7400BE2B93 /* func_exponential.hpp */,
				CB9EC0F7207A5C7400BE2B93 /* func_geometric.inl */,
				CB9EC0F8207A5C7400BE2B93 /* type_vec.inl */,
				CB9EC0F9207A5C7400BE2B93 /* func_common.inl */,
				CB9EC0FA207A5C7400BE2B93 /* func_packing.hpp */,
				CB9EC0FB207A5C7400BE2B93 /* func_vector_relational.hpp */,
				CB9EC0FC207A5C7400BE2B93 /* func_trigonometric.inl */,
				CB9EC0FD207A5C7400BE2B93 /* type_mat2x4.inl */,
				CB9EC0FE207A5C7400BE2B93 /* type_mat4x2.inl */,
				CB9EC0FF207A5C7400BE2B93 /* _swizzle.hpp */,
				CB9EC100207A5C7400BE2B93 /* type_mat4x3.inl */,
				CB9EC101207A5C7400BE2B93 /* func_packing_simd.inl */,
				CB9EC102207A5C7400BE2B93 /* type_vec4.inl */,
				CB9EC103207A5C7400BE2B93 /* func_trigonometric_simd.inl */,
				CB9EC104207A5C7400BE2B93 /* precision.hpp */,
				CB9EC105207A5C7400BE2B93 /* type_mat3x3.hpp */,
				CB9EC106207A5C7400BE2B93 /* type_mat3x2.hpp */,
				CB9EC107207A5C7400BE2B93 /* dummy.cpp */,
				CB9EC108207A5C7400BE2B93 /* type_mat.hpp */,
				CB9EC109207A5C7400BE2B93 /* setup.hpp */,
				CB9EC10A207A5C7400BE2B93 /* type_mat2x2.inl */,
				CB9EC10B207A5C7400BE2B93 /* type_vec1.inl */,
				CB9EC10C207A5C7400BE2B93 /* func_common_simd.inl */,
				CB9EC10D207A5C7400BE2B93 /* func_matrix.hpp */,
				CB9EC10E207A5C7400BE2B93 /* type_mat4x4.inl */,
				CB9EC10F207A5C7400BE2B93 /* func_geometric_simd.inl */,
				CB9EC110207A5C7400BE2B93 /* type_mat2x3.inl */,
				CB9EC111207A5C7400BE2B93 /* type_vec2.inl */,
				CB9EC112207A5C7400BE2B93 /* glm.cpp */,
				CB9EC113207A5C7400BE2B93 /* type_gentype.inl */,
				CB9EC114207A5C7400BE2B93 /* type_mat3x4.hpp */,
				CB9EC115207A5C7400BE2B93 /* type_vec3.inl */,
				CB9EC116207A5C7400BE2B93 /* type_mat4x4_simd.inl */,
				CB9EC117207A5C7400BE2B93 /* type_mat2x3.hpp */,
				CB9EC118207A5C7400BE2B93 /* type_mat4x4.hpp */,
				CB9EC119207A5C7400BE2B93 /* func_matrix.inl */,
				CB9EC11A207A5C7400BE2B93 /* type_mat2x2.hpp */,
				CB9EC11B207A5C7400BE2B93 /* type_vec1.hpp */,
				CB9EC11C207A5C7400BE2B93 /* _swizzle_func.hpp */,
				CB9EC11D207A5C7400BE2B93 /* type_vec3.hpp */,
				CB9EC11E207A5C7400BE2B93 /* type_vec4_simd.inl */,
				CB9EC11F207A5C7400BE2B93 /* type_mat3x4.inl */,
				CB9EC120207A5C7400BE2B93 /* func_exponential_simd.inl */,
				CB9EC121207A5C7400BE2B93 /* type_gentype.hpp */,
				CB9EC122207A5C7400BE2B93 /* type_vec2.hpp */,
				CB9EC123207A5C7400BE2B93 /* type_mat4x3.hpp */,
				CB9EC124207A5C7400BE2B93 /* type_mat4x2.hpp */,
				CB9EC125207A5C7400BE2B93 /* type_float.hpp */,
				CB9EC126207A5C7400BE2B93 /* type_mat2x4.hpp */,
				CB9EC127207A5C7400BE2B93 /* type_mat.inl */,
				CB9EC128207A5C7400BE2B93 /* type_mat3x2.inl */,
				CB9EC129207A5C7400BE2B93 /* type_mat3x3.inl */,
				CB9EC12A207A5C7400BE2B93 /* type_vec4.hpp */,
			);
			path = detail;
			sourceTree = "<group>";
		};
		CB9EC12C207A5C7400BE2B93 /* gtc */ = {
			isa = PBXGroup;
			children = (
				CB9EC12D207A5C7400BE2B93 /* integer.hpp */,
				CB9EC12E207A5C7400BE2B93 /* matrix_integer.hpp */,
				CB9EC12F207A5C7400BE2B93 /* functions.hpp */,
				CB9EC130207A5C7400BE2B93 /* matrix_inverse.inl */,
				CB9EC131207A5C7400BE2B93 /* quaternion.inl */,
				CB9EC132207A5C7400BE2B93 /* packing.inl */,
				CB9EC133207A5C7400BE2B93 /* matrix_transform.inl */,
				CB9EC134207A5C7400BE2B93 /* vec1.hpp */,
				CB9EC135207A5C7400BE2B93 /* type_precision.inl */,
				CB9EC136207A5C7400BE2B93 /* bitfield.inl */,
				CB9EC137207A5C7400BE2B93 /* ulp.hpp */,
				CB9EC138207A5C7400BE2B93 /* round.inl */,
				CB9EC139207A5C7400BE2B93 /* packing.hpp */,
				CB9EC13A207A5C7400BE2B93 /* quaternion_simd.inl */,
				CB9EC13B207A5C7400BE2B93 /* ulp.inl */,
				CB9EC13C207A5C7400BE2B93 /* round.hpp */,
				CB9EC13D207A5C7400BE2B93 /* matrix_transform.hpp */,
				CB9EC13E207A5C7400BE2B93 /* type_precision.hpp */,
				CB9EC13F207A5C7400BE2B93 /* bitfield.hpp */,
				CB9EC140207A5C7400BE2B93 /* vec1.inl */,
				CB9EC141207A5C7400BE2B93 /* integer.inl */,
				CB9EC142207A5C7400BE2B93 /* quaternion.hpp */,
				CB9EC143207A5C7400BE2B93 /* functions.inl */,
				CB9EC144207A5C7400BE2B93 /* matrix_inverse.hpp */,
				CB9EC145207A5C7400BE2B93 /* epsilon.inl */,
				CB9EC146207A5C7400BE2B93 /* random.hpp */,
				CB9EC147207A5C7400BE2B93 /* matrix_access.inl */,
				CB9EC148207A5C7400BE2B93 /* type_ptr.hpp */,
				CB9EC149207A5C7400BE2B93 /* reciprocal.inl */,
				CB9EC14A207A5C7400BE2B93 /* constants.hpp */,
				CB9EC14B207A5C7400BE2B93 /* color_encoding.inl */,
				CB9EC14C207A5C7400BE2B93 /* color_space.hpp */,
				CB9EC14D207A5C7400BE2B93 /* noise.hpp */,
				CB9EC14E207A5C7400BE2B93 /* color_space.inl */,
				CB9EC14F207A5C7400BE2B93 /* noise.inl */,
				CB9EC150207A5C7400BE2B93 /* matrix_access.hpp */,
				CB9EC151207A5C7400BE2B93 /* random.inl */,
				CB9EC152207A5C7400BE2B93 /* epsilon.hpp */,
				CB9EC153207A5C7400BE2B93 /* constants.inl */,
				CB9EC154207A5C7400BE2B93 /* reciprocal.hpp */,
				CB9EC155207A5C7400BE2B93 /* type_ptr.inl */,
				CB9EC156207A5C7400BE2B93 /* type_aligned.hpp */,
			);
			path = gtc;
			sourceTree = "<group>";
		};
		CB9EC158207A5C7400BE2B93 /* gtx */ = {
			isa = PBXGroup;
			children = (
				CB9EC159207A5C7400BE2B93 /* vector_angle.hpp */,
				CB9EC15A207A5C7400BE2B93 /* log_base.inl */,
				CB9EC15B207A5C7400BE2B93 /* matrix_query.inl */,
				CB9EC15C207A5C7400BE2B93 /* extend.inl */,
				CB9EC15D207A5C7400BE2B93 /* integer.hpp */,
				CB9EC15E207A5C7400BE2B93 /* associated_min_max.inl */,
				CB9EC15F207A5C7400BE2B93 /* matrix_transform_2d.inl */,
				CB9EC160207A5C7400BE2B93 /* hash.hpp */,
				CB9EC161207A5C7400BE2B93 /* rotate_vector.hpp */,
				CB9EC162207A5C7400BE2B93 /* matrix_interpolation.hpp */,
				CB9EC163207A5C7400BE2B93 /* quaternion.inl */,
				CB9EC164207A5C7400BE2B93 /* gradient_paint.inl */,
				CB9EC165207A5C7400BE2B93 /* string_cast.hpp */,
				CB9EC166207A5C7400BE2B93 /* color_space_YCoCg.hpp */,
				CB9EC167207A5C7400BE2B93 /* type_trait.inl */,
				CB9EC168207A5C7400BE2B93 /* extended_min_max.hpp */,
				CB9EC169207A5C7400BE2B93 /* euler_angles.inl */,
				CB9EC16A207A5C7400BE2B93 /* fast_square_root.hpp */,
				CB9EC16B207A5C7400BE2B93 /* raw_data.inl */,
				CB9EC16C207A5C7400BE2B93 /* matrix_cross_product.inl */,
				CB9EC16D207A5C7400BE2B93 /* spline.hpp */,
				CB9EC16E207A5C7400BE2B93 /* fast_trigonometry.hpp */,
				CB9EC16F207A5C7400BE2B93 /* optimum_pow.inl */,
				CB9EC170207A5C7400BE2B93 /* dual_quaternion.hpp */,
				CB9EC171207A5C7400BE2B93 /* closest_point.hpp */,
				CB9EC172207A5C7400BE2B93 /* number_precision.inl */,
				CB9EC173207A5C7400BE2B93 /* mixed_product.inl */,
				CB9EC174207A5C7400BE2B93 /* transform.inl */,
				CB9EC175207A5C7400BE2B93 /* bit.inl */,
				CB9EC176207A5C7400BE2B93 /* io.inl */,
				CB9EC177207A5C7400BE2B93 /* fast_trigonometry.inl */,
				CB9EC178207A5C7400BE2B93 /* optimum_pow.hpp */,
				CB9EC179207A5C7400BE2B93 /* spline.inl */,
				CB9EC17A207A5C7400BE2B93 /* raw_data.hpp */,
				CB9EC17B207A5C7400BE2B93 /* matrix_cross_product.hpp */,
				CB9EC17C207A5C7400BE2B93 /* euler_angles.hpp */,
				CB9EC17D207A5C7400BE2B93 /* fast_square_root.inl */,
				CB9EC17E207A5C7400BE2B93 /* color_space_YCoCg.inl */,
				CB9EC17F207A5C7400BE2B93 /* type_trait.hpp */,
				CB9EC180207A5C7400BE2B93 /* extended_min_max.inl */,
				CB9EC181207A5C7400BE2B93 /* io.hpp */,
				CB9EC182207A5C7400BE2B93 /* float_notmalize.inl */,
				CB9EC183207A5C7400BE2B93 /* transform.hpp */,
				CB9EC184207A5C7400BE2B93 /* bit.hpp */,
				CB9EC185207A5C7400BE2B93 /* number_precision.hpp */,
				CB9EC186207A5C7400BE2B93 /* mixed_product.hpp */,
				CB9EC187207A5C7400BE2B93 /* closest_point.inl */,
				CB9EC188207A5C7400BE2B93 /* dual_quaternion.inl */,
				CB9EC189207A5C7400BE2B93 /* associated_min_max.hpp */,
				CB9EC18A207A5C7400BE2B93 /* matrix_transform_2d.hpp */,
				CB9EC18B207A5C7400BE2B93 /* integer.inl */,
				CB9EC18C207A5C7400BE2B93 /* log_base.hpp */,
				CB9EC18D207A5C7400BE2B93 /* matrix_query.hpp */,
				CB9EC18E207A5C7400BE2B93 /* vector_angle.inl */,
				CB9EC18F207A5C7400BE2B93 /* extend.hpp */,
				CB9EC190207A5C7400BE2B93 /* gradient_paint.hpp */,
				CB9EC191207A5C7400BE2B93 /* quaternion.hpp */,
				CB9EC192207A5C7400BE2B93 /* string_cast.inl */,
				CB9EC193207A5C7400BE2B93 /* rotate_vector.inl */,
				CB9EC194207A5C7400BE2B93 /* matrix_interpolation.inl */,
				CB9EC195207A5C7400BE2B93 /* hash.inl */,
				CB9EC196207A5C7400BE2B93 /* vector_query.inl */,
				CB9EC197207A5C7400BE2B93 /* polar_coordinates.hpp */,
				CB9EC198207A5C7400BE2B93 /* orthonormalize.inl */,
				CB9EC199207A5C7400BE2B93 /* component_wise.inl */,
				CB9EC19A207A5C7400BE2B93 /* normalize_dot.inl */,
				CB9EC19B207A5C7400BE2B93 /* std_based_type.inl */,
				CB9EC19C207A5C7400BE2B93 /* type_aligned.inl */,
				CB9EC19D207A5C7400BE2B93 /* projection.hpp */,
				CB9EC19E207A5C7400BE2B93 /* compatibility.inl */,
				CB9EC19F207A5C7400BE2B93 /* scalar_relational.hpp */,
				CB9EC1A0207A5C7400BE2B93 /* wrap.hpp */,
				CB9EC1A1207A5C7400BE2B93 /* rotate_normalized_axis.inl */,
				CB9EC1A2207A5C7400BE2B93 /* norm.hpp */,
				CB9EC1A3207A5C7400BE2B93 /* matrix_major_storage.inl */,
				CB9EC1A4207A5C7400BE2B93 /* matrix_operation.inl */,
				CB9EC1A5207A5C7400BE2B93 /* color_space.hpp */,
				CB9EC1A6207A5C7400BE2B93 /* normal.hpp */,
				CB9EC1A7207A5C7400BE2B93 /* intersect.inl */,
				CB9EC1A8207A5C7400BE2B93 /* perpendicular.inl */,
				CB9EC1A9207A5C7400BE2B93 /* transform2.inl */,
				CB9EC1AA207A5C7400BE2B93 /* matrix_decompose.hpp */,
				CB9EC1AB207A5C7400BE2B93 /* fast_exponential.hpp */,
				CB9EC1AC207A5C7400BE2B93 /* common.inl */,
				CB9EC1AD207A5C7400BE2B93 /* handed_coordinate_space.hpp */,
				CB9EC1AE207A5C7400BE2B93 /* intersect.hpp */,
				CB9EC1AF207A5C7400BE2B93 /* perpendicular.hpp */,
				CB9EC1B0207A5C7400BE2B93 /* matrix_operation.hpp */,
				CB9EC1B1207A5C7400BE2B93 /* color_space.inl */,
				CB9EC1B2207A5C7400BE2B93 /* normal.inl */,
				CB9EC1B3207A5C7400BE2B93 /* matrix_major_storage.hpp */,
				CB9EC1B4207A5C7400BE2B93 /* norm.inl */,
				CB9EC1B5207A5C7400BE2B93 /* handed_coordinate_space.inl */,
				CB9EC1B6207A5C7400BE2B93 /* common.hpp */,
				CB9EC1B7207A5C7400BE2B93 /* range.hpp */,
				CB9EC1B8207A5C7400BE2B93 /* fast_exponential.inl */,
				CB9EC1B9207A5C7400BE2B93 /* transform2.hpp */,
				CB9EC1BA207A5C7400BE2B93 /* matrix_decompose.inl */,
				CB9EC1BB207A5C7400BE2B93 /* scalar_multiplication.hpp */,
				CB9EC1BC207A5C7400BE2B93 /* std_based_type.hpp */,
				CB9EC1BD207A5C7400BE2B93 /* orthonormalize.hpp */,
				CB9EC1BE207A5C7400BE2B93 /* normalize_dot.hpp */,
				CB9EC1BF207A5C7400BE2B93 /* component_wise.hpp */,
				CB9EC1C0207A5C7400BE2B93 /* polar_coordinates.inl */,
				CB9EC1C1207A5C7400BE2B93 /* vector_query.hpp */,
				CB9EC1C2207A5C7400BE2B93 /* scalar_relational.inl */,
				CB9EC1C3207A5C7400BE2B93 /* wrap.inl */,
				CB9EC1C4207A5C7400BE2B93 /* compatibility.hpp */,
				CB9EC1C5207A5C7400BE2B93 /* rotate_normalized_axis.hpp */,
				CB9EC1C6207A5C7400BE2B93 /* projection.inl */,
				CB9EC1C7207A5C7400BE2B93 /* type_aligned.hpp */,
			);
			path = gtx;
			sourceTree = "<group>";
		};
		CB9EC1C8207A5CA300BE2B93 /* sources */ = {
			isa = PBXGroup;
			children = (
				CB9EC1C9207A5CA300BE2B93 /* GLTexture.cpp */,
				CB9EC1CA207A5CA300BE2B93 /* Camera.cpp */,
				CB9EC1CD207A5CA300BE2B93 /* Shader.cpp */,
				CB9EC1CE207A5CA300BE2B93 /* Shader.hpp */,
				CB9EC1D0207A5CA300BE2B93 /* GLTexture.hpp */,
				CB9EC1D3207A5CA300BE2B93 /* Camera.hpp */,
				CB9EC1CC207A5CA300BE2B93 /* lamp.fsh */,
				CB9EC1CF207A5CA300BE2B93 /* lamp.vsh */,
				CB9EC1CB207A5CA300BE2B93 /* triangle.vsh */,
				CB9EC1D1207A5CA300BE2B93 /* triangle.fsh */,
				CB9EC1D2207A5CA300BE2B93 /* main.cpp */,
			);
			path = sources;
			sourceTree = "<group>";
		};
		CB9EC1D4207A5CA300BE2B93 /* resources */ = {
			isa = PBXGroup;
			children = (
				CB9EC1D5207A5CA300BE2B93 /* container.jpg */,
				CB9EC1D6207A5CA300BE2B93 /* container2_specular.png */,
				CB9EC1D7207A5CA300BE2B93 /* container2.png */,
				CB9EC1D8207A5CA300BE2B93 /* awesomeface.png */,
			);
			path = resources;
			sourceTree = "<group>";
		};
		CB9EC1E2207A5D9B00BE2B93 /* glew */ = {
			isa = PBXGroup;
			children = (
				CB9EC1E3207A5D9B00BE2B93 /* include */,
				CB9EC1E8207A5D9B00BE2B93 /* libGLEW.2.1.0.dylib */,
			);
			path = glew;
			sourceTree = "<group>";
		};
		CB9EC1E3207A5D9B00BE2B93 /* include */ = {
			isa = PBXGroup;
			children = (
				CB9EC1E4207A5D9B00BE2B93 /* GL */,
			);
			path = include;
			sourceTree = "<group>";
		};
		CB9EC1E4207A5D9B00BE2B93 /* GL */ = {
			isa = PBXGroup;
			children = (
				CB9EC1E5207A5D9B00BE2B93 /* glxew.h */,
				CB9EC1E6207A5D9B00BE2B93 /* wglew.h */,
				CB9EC1E7207A5D9B00BE2B93 /* glew.h */,
			);
			path = GL;
			sourceTree = "<group>";
		};
		CB9EC1E9207A5D9B00BE2B93 /* glfw */ = {
			isa = PBXGroup;
			children = (
				CB9EC1EA207A5D9B00BE2B93 /* include */,
				CB9EC1EE207A5D9B00BE2B93 /* libglfw.3.2.dylib */,
			);
			path = glfw;
			sourceTree = "<group>";
		};
		CB9EC1EA207A5D9B00BE2B93 /* include */ = {
			isa = PBXGroup;
			children = (
				CB9EC1EB207A5D9B00BE2B93 /* GLFW */,
			);
			path = include;
			sourceTree = "<group>";
		};
		CB9EC1EB207A5D9B00BE2B93 /* GLFW */ = {
			isa = PBXGroup;
			children = (
				CB9EC1EC207A5D9B00BE2B93 /* glfw3.h */,
				CB9EC1ED207A5D9B00BE2B93 /* glfw3native.h */,
			);
			path = GLFW;
			sourceTree = "<group>";
		};
/* End PBXGroup section */

/* Begin PBXHeadersBuildPhase section */
		CB963DF02056C1E500BE41D1 /* Headers */ = {
			isa = PBXHeadersBuildPhase;
			buildActionMask = 2147483647;
			files = (
			);
			runOnlyForDeploymentPostprocessing = 0;
		};
/* End PBXHeadersBuildPhase section */

/* Begin PBXNativeTarget section */
		CB1757382048E953001EA978 /* OpenGLTest */ = {
			isa = PBXNativeTarget;
			buildConfigurationList = CB1757402048E953001EA978 /* Build configuration list for PBXNativeTarget "OpenGLTest" */;
			buildPhases = (
				CB1757352048E953001EA978 /* Sources */,
				CB1757362048E953001EA978 /* Frameworks */,
				CB1757372048E953001EA978 /* CopyFiles */,
				CBC913942053FAE1003C14B6 /* CopyFiles */,
			);
			buildRules = (
			);
			dependencies = (
			);
			name = OpenGLTest;
			productName = OpenGLTest;
			productReference = CB1757392048E953001EA978 /* OpenGLTest */;
			productType = "com.apple.product-type.tool";
		};
		CB963DF12056C1E500BE41D1 /* SOILibrary */ = {
			isa = PBXNativeTarget;
			buildConfigurationList = CB963DF32056C1E600BE41D1 /* Build configuration list for PBXNativeTarget "SOILibrary" */;
			buildPhases = (
				CB963DEE2056C1E500BE41D1 /* Sources */,
				CB963DEF2056C1E500BE41D1 /* Frameworks */,
				CB963DF02056C1E500BE41D1 /* Headers */,
			);
			buildRules = (
			);
			dependencies = (
			);
			name = SOILibrary;
			productName = SOILibrary;
			productReference = CB963DF22056C1E500BE41D1 /* libSOILibrary.dylib */;
			productType = "com.apple.product-type.library.dynamic";
		};
/* End PBXNativeTarget section */

/* Begin PBXProject section */
		CB1757312048E953001EA978 /* Project object */ = {
			isa = PBXProject;
			attributes = {
				LastUpgradeCheck = 0920;
				ORGANIZATIONNAME = com.zcating;
				TargetAttributes = {
					CB1757382048E953001EA978 = {
						CreatedOnToolsVersion = 9.2;
						ProvisioningStyle = Automatic;
					};
					CB963DF12056C1E500BE41D1 = {
						CreatedOnToolsVersion = 9.2;
						ProvisioningStyle = Automatic;
					};
				};
			};
			buildConfigurationList = CB1757342048E953001EA978 /* Build configuration list for PBXProject "OpenGLTest" */;
			compatibilityVersion = "Xcode 8.0";
			developmentRegion = en;
			hasScannedForEncodings = 0;
			knownRegions = (
				en,
			);
			mainGroup = CB1757302048E953001EA978;
			productRefGroup = CB17573A2048E953001EA978 /* Products */;
			projectDirPath = "";
			projectRoot = "";
			targets = (
				CB1757382048E953001EA978 /* OpenGLTest */,
				CB963DF12056C1E500BE41D1 /* SOILibrary */,
			);
		};
/* End PBXProject section */

/* Begin PBXSourcesBuildPhase section */
		CB1757352048E953001EA978 /* Sources */ = {
			isa = PBXSourcesBuildPhase;
			buildActionMask = 2147483647;
			files = (
				CB9EC1DA207A5CAC00BE2B93 /* Camera.cpp in Sources */,
				CB9EC1DB207A5CAC00BE2B93 /* Shader.cpp in Sources */,
				CB9EC1DC207A5CAC00BE2B93 /* main.cpp in Sources */,
				CB9EC1D9207A5CAC00BE2B93 /* GLTexture.cpp in Sources */,
			);
			runOnlyForDeploymentPostprocessing = 0;
		};
		CB963DEE2056C1E500BE41D1 /* Sources */ = {
			isa = PBXSourcesBuildPhase;
			buildActionMask = 2147483647;
			files = (
				CB9EC1DD207A5CD400BE2B93 /* image_helper.c in Sources */,
				CB9EC1DE207A5CD400BE2B93 /* image_DXT.c in Sources */,
				CB9EC1E0207A5CD400BE2B93 /* SOIL.c in Sources */,
				CB9EC1E1207A5CD400BE2B93 /* stb_image_aug.c in Sources */,
			);
			runOnlyForDeploymentPostprocessing = 0;
		};
/* End PBXSourcesBuildPhase section */

/* Begin XCBuildConfiguration section */
		CB17573E2048E953001EA978 /* Debug */ = {
			isa = XCBuildConfiguration;
			buildSettings = {
				ALWAYS_SEARCH_USER_PATHS = NO;
				CLANG_ANALYZER_NONNULL = YES;
				CLANG_ANALYZER_NUMBER_OBJECT_CONVERSION = YES_AGGRESSIVE;
				CLANG_CXX_LANGUAGE_STANDARD = "gnu++14";
				CLANG_CXX_LIBRARY = "libc++";
				CLANG_ENABLE_MODULES = YES;
				CLANG_ENABLE_OBJC_ARC = YES;
				CLANG_WARN_BLOCK_CAPTURE_AUTORELEASING = YES;
				CLANG_WARN_BOOL_CONVERSION = YES;
				CLANG_WARN_COMMA = YES;
				CLANG_WARN_CONSTANT_CONVERSION = YES;
				CLANG_WARN_DIRECT_OBJC_ISA_USAGE = YES_ERROR;
				CLANG_WARN_DOCUMENTATION_COMMENTS = YES;
				CLANG_WARN_EMPTY_BODY = YES;
				CLANG_WARN_ENUM_CONVERSION = YES;
				CLANG_WARN_INFINITE_RECURSION = YES;
				CLANG_WARN_INT_CONVERSION = YES;
				CLANG_WARN_NON_LITERAL_NULL_CONVERSION = YES;
				CLANG_WARN_OBJC_LITERAL_CONVERSION = YES;
				CLANG_WARN_OBJC_ROOT_CLASS = YES_ERROR;
				CLANG_WARN_RANGE_LOOP_ANALYSIS = YES;
				CLANG_WARN_STRICT_PROTOTYPES = YES;
				CLANG_WARN_SUSPICIOUS_MOVE = YES;
				CLANG_WARN_UNGUARDED_AVAILABILITY = YES_AGGRESSIVE;
				CLANG_WARN_UNREACHABLE_CODE = YES;
				CLANG_WARN__DUPLICATE_METHOD_MATCH = YES;
				CODE_SIGN_IDENTITY = "Mac Developer";
				COPY_PHASE_STRIP = NO;
				DEBUG_INFORMATION_FORMAT = dwarf;
				ENABLE_STRICT_OBJC_MSGSEND = YES;
				ENABLE_TESTABILITY = YES;
				GCC_C_LANGUAGE_STANDARD = gnu11;
				GCC_DYNAMIC_NO_PIC = NO;
				GCC_NO_COMMON_BLOCKS = YES;
				GCC_OPTIMIZATION_LEVEL = 0;
				GCC_PREPROCESSOR_DEFINITIONS = (
					"DEBUG=1",
					"$(inherited)",
				);
				GCC_WARN_64_TO_32_BIT_CONVERSION = YES;
				GCC_WARN_ABOUT_RETURN_TYPE = YES_ERROR;
				GCC_WARN_UNDECLARED_SELECTOR = YES;
				GCC_WARN_UNINITIALIZED_AUTOS = YES_AGGRESSIVE;
				GCC_WARN_UNUSED_FUNCTION = YES;
				GCC_WARN_UNUSED_VARIABLE = YES;
				MACOSX_DEPLOYMENT_TARGET = 10.13;
				MTL_ENABLE_DEBUG_INFO = YES;
				ONLY_ACTIVE_ARCH = YES;
				SDKROOT = macosx;
			};
			name = Debug;
		};
		CB17573F2048E953001EA978 /* Release */ = {
			isa = XCBuildConfiguration;
			buildSettings = {
				ALWAYS_SEARCH_USER_PATHS = NO;
				CLANG_ANALYZER_NONNULL = YES;
				CLANG_ANALYZER_NUMBER_OBJECT_CONVERSION = YES_AGGRESSIVE;
				CLANG_CXX_LANGUAGE_STANDARD = "gnu++14";
				CLANG_CXX_LIBRARY = "libc++";
				CLANG_ENABLE_MODULES = YES;
				CLANG_ENABLE_OBJC_ARC = YES;
				CLANG_WARN_BLOCK_CAPTURE_AUTORELEASING = YES;
				CLANG_WARN_BOOL_CONVERSION = YES;
				CLANG_WARN_COMMA = YES;
				CLANG_WARN_CONSTANT_CONVERSION = YES;
				CLANG_WARN_DIRECT_OBJC_ISA_USAGE = YES_ERROR;
				CLANG_WARN_DOCUMENTATION_COMMENTS = YES;
				CLANG_WARN_EMPTY_BODY = YES;
				CLANG_WARN_ENUM_CONVERSION = YES;
				CLANG_WARN_INFINITE_RECURSION = YES;
				CLANG_WARN_INT_CONVERSION = YES;
				CLANG_WARN_NON_LITERAL_NULL_CONVERSION = YES;
				CLANG_WARN_OBJC_LITERAL_CONVERSION = YES;
				CLANG_WARN_OBJC_ROOT_CLASS = YES_ERROR;
				CLANG_WARN_RANGE_LOOP_ANALYSIS = YES;
				CLANG_WARN_STRICT_PROTOTYPES = YES;
				CLANG_WARN_SUSPICIOUS_MOVE = YES;
				CLANG_WARN_UNGUARDED_AVAILABILITY = YES_AGGRESSIVE;
				CLANG_WARN_UNREACHABLE_CODE = YES;
				CLANG_WARN__DUPLICATE_METHOD_MATCH = YES;
				CODE_SIGN_IDENTITY = "Mac Developer";
				COPY_PHASE_STRIP = NO;
				DEBUG_INFORMATION_FORMAT = "dwarf-with-dsym";
				ENABLE_NS_ASSERTIONS = NO;
				ENABLE_STRICT_OBJC_MSGSEND = YES;
				GCC_C_LANGUAGE_STANDARD = gnu11;
				GCC_NO_COMMON_BLOCKS = YES;
				GCC_WARN_64_TO_32_BIT_CONVERSION = YES;
				GCC_WARN_ABOUT_RETURN_TYPE = YES_ERROR;
				GCC_WARN_UNDECLARED_SELECTOR = YES;
				GCC_WARN_UNINITIALIZED_AUTOS = YES_AGGRESSIVE;
				GCC_WARN_UNUSED_FUNCTION = YES;
				GCC_WARN_UNUSED_VARIABLE = YES;
				MACOSX_DEPLOYMENT_TARGET = 10.13;
				MTL_ENABLE_DEBUG_INFO = NO;
				SDKROOT = macosx;
			};
			name = Release;
		};
		CB1757412048E953001EA978 /* Debug */ = {
			isa = XCBuildConfiguration;
			buildSettings = {
				CLANG_ENABLE_MODULES = NO;
				CLANG_WARN_DOCUMENTATION_COMMENTS = NO;
				CODE_SIGN_STYLE = Automatic;
				DEVELOPMENT_TEAM = 9UK6KA2LHR;
				GCC_WARN_ABOUT_DEPRECATED_FUNCTIONS = NO;
				HEADER_SEARCH_PATHS = (
					/usr/local/include/,
					"\"$(PROJECT_DIR)/libs/\"/**",
					"$(PROJECT_DIR)/libs/glfw/include/",
					"$(PROJECT_DIR)/libs/glew/include/",
				);
				LIBRARY_SEARCH_PATHS = (
					/usr/local/lib/,
					/usr/local/Cellar/glfw/3.2.1/lib,
					/usr/local/Cellar/glew/2.1.0/lib,
					"$(PROJECT_DIR)/libs/glew/",
					"$(PROJECT_DIR)/libs/glfw/",
					"$(PROJECT_DIR)/libs/glew",
					"$(PROJECT_DIR)/libs/glfw",
				);
				PRODUCT_NAME = "$(TARGET_NAME)";
			};
			name = Debug;
		};
		CB1757422048E953001EA978 /* Release */ = {
			isa = XCBuildConfiguration;
			buildSettings = {
				CLANG_ENABLE_MODULES = NO;
				CLANG_WARN_DOCUMENTATION_COMMENTS = NO;
				CODE_SIGN_STYLE = Automatic;
				DEVELOPMENT_TEAM = 9UK6KA2LHR;
				GCC_WARN_ABOUT_DEPRECATED_FUNCTIONS = NO;
				HEADER_SEARCH_PATHS = (
					/usr/local/include/,
					"\"$(PROJECT_DIR)/libs/\"/**",
					"$(PROJECT_DIR)/libs/glfw/include/",
					"$(PROJECT_DIR)/libs/glew/include/",
				);
				LIBRARY_SEARCH_PATHS = (
					/usr/local/lib/,
					/usr/local/Cellar/glfw/3.2.1/lib,
					/usr/local/Cellar/glew/2.1.0/lib,
					"$(PROJECT_DIR)/libs/glew/",
					"$(PROJECT_DIR)/libs/glfw/",
					"$(PROJECT_DIR)/libs/glew",
					"$(PROJECT_DIR)/libs/glfw",
				);
				PRODUCT_NAME = "$(TARGET_NAME)";
			};
			name = Release;
		};
		CB963DF42056C1E600BE41D1 /* Debug */ = {
			isa = XCBuildConfiguration;
			buildSettings = {
				CLANG_ENABLE_MODULES = NO;
				CODE_SIGN_STYLE = Automatic;
				DEVELOPMENT_TEAM = 9UK6KA2LHR;
				DYLIB_COMPATIBILITY_VERSION = 1;
				DYLIB_CURRENT_VERSION = 1;
				EXECUTABLE_PREFIX = lib;
				PRODUCT_NAME = "$(TARGET_NAME)";
			};
			name = Debug;
		};
		CB963DF52056C1E600BE41D1 /* Release */ = {
			isa = XCBuildConfiguration;
			buildSettings = {
				CLANG_ENABLE_MODULES = NO;
				CODE_SIGN_STYLE = Automatic;
				DEVELOPMENT_TEAM = 9UK6KA2LHR;
				DYLIB_COMPATIBILITY_VERSION = 1;
				DYLIB_CURRENT_VERSION = 1;
				EXECUTABLE_PREFIX = lib;
				PRODUCT_NAME = "$(TARGET_NAME)";
			};
			name = Release;
		};
/* End XCBuildConfiguration section */

/* Begin XCConfigurationList section */
		CB1757342048E953001EA978 /* Build configuration list for PBXProject "OpenGLTest" */ = {
			isa = XCConfigurationList;
			buildConfigurations = (
				CB17573E2048E953001EA978 /* Debug */,
				CB17573F2048E953001EA978 /* Release */,
			);
			defaultConfigurationIsVisible = 0;
			defaultConfigurationName = Release;
		};
		CB1757402048E953001EA978 /* Build configuration list for PBXNativeTarget "OpenGLTest" */ = {
			isa = XCConfigurationList;
			buildConfigurations = (
				CB1757412048E953001EA978 /* Debug */,
				CB1757422048E953001EA978 /* Release */,
			);
			defaultConfigurationIsVisible = 0;
			defaultConfigurationName = Release;
		};
		CB963DF32056C1E600BE41D1 /* Build configuration list for PBXNativeTarget "SOILibrary" */ = {
			isa = XCConfigurationList;
			buildConfigurations = (
				CB963DF42056C1E600BE41D1 /* Debug */,
				CB963DF52056C1E600BE41D1 /* Release */,
			);
			defaultConfigurationIsVisible = 0;
			defaultConfigurationName = Release;
		};
/* End XCConfigurationList section */
	};
	rootObject = CB1757312048E953001EA978 /* Project object */;
}
